
Microsoft Visual Studio Solution File, Format Version 12.00
# Visual Studio 15
VisualStudioVersion = 15.0.26124.0
MinimumVisualStudioVersion = 15.0.26124.0
Project("{2150E333-8FDC-42A3-9474-1A3956D46DE8}") = "Problem Solving", "Problem Solving", "{89965E82-C5F7-42B1-B2FD-B4F1EE987C72}"
EndProject
Project("{2150E333-8FDC-42A3-9474-1A3956D46DE8}") = "Warmup", "Warmup", "{93E01FD9-C279-4430-BB0A-7BE6070425E3}"
EndProject
Project("{FAE04EC0-301F-11D3-BF4B-00C04F79EFBC}") = "Solve Me First", "Problem Solving\Warmup\Solve Me First\Solve Me First.csproj", "{295CB0B3-1854-4DCD-86A9-D26B50D6D3D3}"
EndProject
Project("{FAE04EC0-301F-11D3-BF4B-00C04F79EFBC}") = "Simple Array Sum", "Problem Solving\Warmup\Simple Array Sum\Simple Array Sum.csproj", "{4ECC2D13-947B-4CB4-98C4-12E3B4CA7E06}"
EndProject
Project("{FAE04EC0-301F-11D3-BF4B-00C04F79EFBC}") = "Compare the Triplets", "Problem Solving\Warmup\Compare the Triplets\Compare the Triplets.csproj", "{6E8F8DC6-C986-4DEE-921C-C3E299DFBD81}"
EndProject
Project("{FAE04EC0-301F-11D3-BF4B-00C04F79EFBC}") = "A Very Big Sum", "Problem Solving\Warmup\A Very Big Sum\A Very Big Sum.csproj", "{8114039D-CC8E-4232-BD5D-172ABFE214FC}"
EndProject
Project("{FAE04EC0-301F-11D3-BF4B-00C04F79EFBC}") = "Diagonal Difference", "Problem Solving\Warmup\Diagonal Difference\Diagonal Difference.csproj", "{F5576B9E-21B2-4A22-AFB2-19CDF49FC70B}"
EndProject
Project("{FAE04EC0-301F-11D3-BF4B-00C04F79EFBC}") = "Plus Minus", "Problem Solving\Warmup\Plus Minus\Plus Minus.csproj", "{DD95EC8D-8BEF-42FB-AF5E-4E5507A50BC7}"
EndProject
Project("{FAE04EC0-301F-11D3-BF4B-00C04F79EFBC}") = "Staircase", "Problem Solving\Warmup\Staircase\Staircase.csproj", "{086D7E6F-401F-4726-994A-7758B3BA1E53}"
EndProject
Project("{FAE04EC0-301F-11D3-BF4B-00C04F79EFBC}") = "Mini-Max Sum", "Problem Solving\Warmup\Mini-Max Sum\Mini-Max Sum.csproj", "{A0C62F7F-1808-4F13-9354-A21CF23C1FA9}"
EndProject
Project("{FAE04EC0-301F-11D3-BF4B-00C04F79EFBC}") = "Birthday Cake Candles", "Problem Solving\Warmup\Birthday Cake Candles\Birthday Cake Candles.csproj", "{5D0750A4-4008-42B9-9CF1-86105BEC9F63}"
EndProject
Project("{FAE04EC0-301F-11D3-BF4B-00C04F79EFBC}") = "Time Conversion", "Problem Solving\Warmup\Time Conversion\Time Conversion.csproj", "{B20DC966-70A7-4B72-893A-F703AA35095C}"
EndProject
Project("{2150E333-8FDC-42A3-9474-1A3956D46DE8}") = "Implementation", "Implementation", "{F49BFA8A-890F-4EE8-9645-B257A291738E}"
EndProject
Project("{FAE04EC0-301F-11D3-BF4B-00C04F79EFBC}") = "Grading Students", "Problem Solving\Implementation\Grading Students\Grading Students.csproj", "{C954ABC6-6FE0-4F3F-81DE-08CE0E56EA00}"
EndProject
Project("{FAE04EC0-301F-11D3-BF4B-00C04F79EFBC}") = "Apple and Orange", "Problem Solving\Implementation\Apple and Orange\Apple and Orange.csproj", "{C6DDB177-8752-479B-B4F9-9F0A159BBFC7}"
EndProject
Project("{FAE04EC0-301F-11D3-BF4B-00C04F79EFBC}") = "Number Line Jumps", "Problem Solving\Implementation\Number Line Jumps\Number Line Jumps.csproj", "{E2C12D49-E9CA-4FBB-A199-F5E3217BF14B}"
EndProject
Project("{FAE04EC0-301F-11D3-BF4B-00C04F79EFBC}") = "Between Two Sets", "Problem Solving\Implementation\Between Two Sets\Between Two Sets.csproj", "{39B3952C-BE5F-4FCF-A224-A167319BCB63}"
EndProject
Project("{FAE04EC0-301F-11D3-BF4B-00C04F79EFBC}") = "Breaking the Records", "Problem Solving\Implementation\Breaking the Records\Breaking the Records.csproj", "{748834EE-7B32-4B88-ACA2-C78E1CB3BD08}"
EndProject
Project("{FAE04EC0-301F-11D3-BF4B-00C04F79EFBC}") = "Sub-array Division", "Problem Solving\Implementation\Sub-array Division\Sub-array Division.csproj", "{604F46A9-EF26-4CCC-A2FB-BDD4942FDB48}"
EndProject
Project("{FAE04EC0-301F-11D3-BF4B-00C04F79EFBC}") = "Divisible Sum Pairs", "Problem Solving\Implementation\Divisible Sum Pairs\Divisible Sum Pairs.csproj", "{B6176108-AE68-49B2-A49B-48D809018BF3}"
EndProject
Project("{FAE04EC0-301F-11D3-BF4B-00C04F79EFBC}") = "Migratory Birds", "Problem Solving\Implementation\Migratory Birds\Migratory Birds.csproj", "{E2C74F71-F18E-45E3-9C8E-6E596BCDF99E}"
EndProject
Project("{FAE04EC0-301F-11D3-BF4B-00C04F79EFBC}") = "Day of the Programmer", "Problem Solving\Implementation\Day of the Programmer\Day of the Programmer.csproj", "{2B151E5B-A402-4826-ACEB-ABCC140CDD76}"
EndProject
Project("{FAE04EC0-301F-11D3-BF4B-00C04F79EFBC}") = "Bill Division", "Problem Solving\Implementation\Bill Division\Bill Division.csproj", "{F076FCF7-1666-4B77-8571-141DF2DC9D02}"
EndProject
Project("{FAE04EC0-301F-11D3-BF4B-00C04F79EFBC}") = "Sales by Match", "Problem Solving\Implementation\Sales by Match\Sales by Match.csproj", "{AE38E756-879F-458A-9011-138541C283C7}"
EndProject
Project("{FAE04EC0-301F-11D3-BF4B-00C04F79EFBC}") = "Drawing Book", "Problem Solving\Implementation\Drawing Book\Drawing Book.csproj", "{50B3CFE9-77C6-46DE-8166-C9E04BD19ECB}"
EndProject
Project("{FAE04EC0-301F-11D3-BF4B-00C04F79EFBC}") = "Counting Valleys", "Problem Solving\Implementation\Counting Valleys\Counting Valleys.csproj", "{CC1B3BFC-DD07-4876-A8E0-F9433728465D}"
EndProject
Project("{FAE04EC0-301F-11D3-BF4B-00C04F79EFBC}") = "Forming a Magic Square", "Problem Solving\Implementation\Forming a Magic Square\Forming a Magic Square.csproj", "{D28133CB-5CA6-4DAA-B9C0-A08E8BCBD3E0}"
EndProject
Project("{FAE04EC0-301F-11D3-BF4B-00C04F79EFBC}") = "Electronics Shop", "Problem Solving\Implementation\Electronics Shop\Electronics Shop.csproj", "{8F98D2B7-10BE-4DF5-85FB-40ACFF860F9B}"
EndProject
Project("{FAE04EC0-301F-11D3-BF4B-00C04F79EFBC}") = "Cats and a Mouse", "Problem Solving\Implementation\Cats and a Mouse\Cats and a Mouse.csproj", "{5C413032-5268-41C0-A5C1-3130E2C6C1C5}"
EndProject
Project("{FAE04EC0-301F-11D3-BF4B-00C04F79EFBC}") = "Picking Numbers", "Problem Solving\Implementation\Picking Numbers\Picking Numbers.csproj", "{E0D086A9-B8D6-452A-BFFF-EDC974B07049}"
EndProject
Project("{FAE04EC0-301F-11D3-BF4B-00C04F79EFBC}") = "Climbing the Leaderboard", "Problem Solving\Implementation\Climbing the Leaderboard\Climbing the Leaderboard.csproj", "{2485F7A6-505F-4B3B-8E4C-B5897D86D704}"
EndProject
Project("{FAE04EC0-301F-11D3-BF4B-00C04F79EFBC}") = "The Hurdle Race", "Problem Solving\Implementation\The Hurdle Race\The Hurdle Race.csproj", "{D05CFAD4-346C-4348-B0B9-110F7099C56D}"
EndProject
Project("{FAE04EC0-301F-11D3-BF4B-00C04F79EFBC}") = "Designer PDF Viewer", "Problem Solving\Implementation\Designer PDF Viewer\Designer PDF Viewer.csproj", "{C91F9642-AB1D-424F-9C77-A15EB697C457}"
EndProject
Project("{FAE04EC0-301F-11D3-BF4B-00C04F79EFBC}") = "Utopian Tree", "Problem Solving\Implementation\Utopian Tree\Utopian Tree.csproj", "{F28DC57A-2274-4166-8B12-A134803E9ED3}"
EndProject
Project("{FAE04EC0-301F-11D3-BF4B-00C04F79EFBC}") = "Angry Professor", "Problem Solving\Implementation\Angry Professor\Angry Professor.csproj", "{F44261A4-8AF7-474B-9403-A486F4C2FB2F}"
EndProject
Project("{FAE04EC0-301F-11D3-BF4B-00C04F79EFBC}") = "Beautiful Days at the Movies", "Problem Solving\Implementation\Beautiful Days at the Movies\Beautiful Days at the Movies.csproj", "{A68415D3-0E79-42B0-BC12-8446C557541D}"
EndProject
Project("{FAE04EC0-301F-11D3-BF4B-00C04F79EFBC}") = "Viral Advertising", "Problem Solving\Implementation\Viral Advertising\Viral Advertising.csproj", "{12A07EDC-4F66-40E6-8659-A4F72B33A8F7}"
EndProject
Project("{FAE04EC0-301F-11D3-BF4B-00C04F79EFBC}") = "Save the Prisoner!", "Problem Solving\Implementation\Save the Prisoner!\Save the Prisoner!.csproj", "{0749B441-6E69-4036-B6E9-9E8D9BF56754}"
EndProject
Project("{FAE04EC0-301F-11D3-BF4B-00C04F79EFBC}") = "Circular Array Rotation", "Problem Solving\Implementation\Circular Array Rotation\Circular Array Rotation.csproj", "{43872E68-4C1C-41AC-BAD0-C1BEADCB7F35}"
EndProject
Project("{FAE04EC0-301F-11D3-BF4B-00C04F79EFBC}") = "Sequence Equation", "Problem Solving\Implementation\Sequence Equation\Sequence Equation.csproj", "{520062E7-FBBB-4D86-A29E-4426865B6ED3}"
EndProject
Project("{FAE04EC0-301F-11D3-BF4B-00C04F79EFBC}") = "Jumping on the Clouds - Revisited", "Problem Solving\Implementation\Jumping on the Clouds - Revisited\Jumping on the Clouds - Revisited.csproj", "{CB64E053-8B89-4EF7-B7C9-0C6A1F07923D}"
EndProject
Project("{FAE04EC0-301F-11D3-BF4B-00C04F79EFBC}") = "Find Digits", "Problem Solving\Implementation\Find Digits\Find Digits.csproj", "{132FADD9-0729-48D7-81E8-2E6E69D453F8}"
EndProject
Project("{FAE04EC0-301F-11D3-BF4B-00C04F79EFBC}") = "Extra Long Factorials", "Problem Solving\Implementation\Extra Long Factorials\Extra Long Factorials.csproj", "{F98323BE-A293-4AD4-99A1-7EC7D987FBAE}"
EndProject
Project("{FAE04EC0-301F-11D3-BF4B-00C04F79EFBC}") = "Append and Delete", "Problem Solving\Implementation\Append and Delete\Append and Delete.csproj", "{B6842F12-3A07-4FF5-B5B4-879F028AC3BF}"
EndProject
Project("{FAE04EC0-301F-11D3-BF4B-00C04F79EFBC}") = "Sherlock and Squares", "Problem Solving\Implementation\Sherlock and Squares\Sherlock and Squares.csproj", "{5DA40582-2976-4977-830D-A8B92E4D2ADD}"
EndProject
Project("{FAE04EC0-301F-11D3-BF4B-00C04F79EFBC}") = "Library Fine", "Problem Solving\Implementation\Library Fine\Library Fine.csproj", "{731E44D3-C411-4FD9-8065-31B6462C4318}"
EndProject
Project("{FAE04EC0-301F-11D3-BF4B-00C04F79EFBC}") = "Non-Divisible Subset", "Problem Solving\Implementation\Non-Divisible Subset\Non-Divisible Subset.csproj", "{BA7E128E-8CA5-418C-B40F-A92C58751C5E}"
EndProject
Project("{FAE04EC0-301F-11D3-BF4B-00C04F79EFBC}") = "Repeated String", "Problem Solving\Implementation\Repeated String\Repeated String.csproj", "{790C15C1-F09C-4807-80E3-3DADD27868A6}"
EndProject
Project("{FAE04EC0-301F-11D3-BF4B-00C04F79EFBC}") = "Cut the sticks", "Problem Solving\Implementation\Cut the sticks\Cut the sticks.csproj", "{F9A7D378-7410-4778-AF7A-A4A18086D601}"
EndProject
Project("{FAE04EC0-301F-11D3-BF4B-00C04F79EFBC}") = "Jumping on the Clouds", "Problem Solving\Implementation\Jumping on the Clouds\Jumping on the Clouds.csproj", "{B6E520E9-B149-4F75-8E7A-DBA6857422FB}"
EndProject
Project("{FAE04EC0-301F-11D3-BF4B-00C04F79EFBC}") = "Equalize the Array", "Problem Solving\Implementation\Equalize the Array\Equalize the Array.csproj", "{F0863462-30A7-419A-B60F-49F425D6B4E4}"
EndProject
Project("{FAE04EC0-301F-11D3-BF4B-00C04F79EFBC}") = "ACM ICPC Team", "Problem Solving\Implementation\ACM ICPC Team\ACM ICPC Team.csproj", "{33102BE3-8D85-4E52-806F-6F5E9234BE31}"
EndProject
Project("{FAE04EC0-301F-11D3-BF4B-00C04F79EFBC}") = "Taum and Bday", "Problem Solving\Implementation\Taum and Bday\Taum and Bday.csproj", "{20AB803F-B928-4194-967D-960FA878FA56}"
EndProject
Project("{FAE04EC0-301F-11D3-BF4B-00C04F79EFBC}") = "Organizing Containers of Balls", "Problem Solving\Implementation\Organizing Containers of Balls\Organizing Containers of Balls.csproj", "{798928BC-BCBB-4335-9A6D-453EC8B9CE22}"
EndProject
Project("{FAE04EC0-301F-11D3-BF4B-00C04F79EFBC}") = "Encryption", "Problem Solving\Implementation\Encryption\Encryption.csproj", "{F09CD27E-946E-47A3-888E-564061D6C4B1}"
EndProject
Project("{FAE04EC0-301F-11D3-BF4B-00C04F79EFBC}") = "Bigger is Greater", "Problem Solving\Implementation\Bigger is Greater\Bigger is Greater.csproj", "{ECBC72D3-AA3B-4E9E-9504-DA930002BB8B}"
EndProject
Project("{FAE04EC0-301F-11D3-BF4B-00C04F79EFBC}") = "Modified Kaprekar Numbers", "Problem Solving\Implementation\Modified Kaprekar Numbers\Modified Kaprekar Numbers.csproj", "{ECA926FA-DD92-4485-8D61-794ADE743A29}"
EndProject
Project("{FAE04EC0-301F-11D3-BF4B-00C04F79EFBC}") = "Halloween Sale", "Problem Solving\Implementation\Halloween Sale\Halloween Sale.csproj", "{4B6B8488-0199-44AC-9E5D-01654A35C504}"
EndProject
Project("{FAE04EC0-301F-11D3-BF4B-00C04F79EFBC}") = "Beautiful Triplets", "Problem Solving\Implementation\Beautiful Triplets\Beautiful Triplets.csproj", "{A620D3D8-9BB8-4F63-BD07-8CA24C5C534E}"
EndProject
Project("{FAE04EC0-301F-11D3-BF4B-00C04F79EFBC}") = "Minimum Distances", "Problem Solving\Implementation\Minimum Distances\Minimum Distances.csproj", "{0BB5900E-5994-4644-9254-62EAA8DF927B}"
EndProject
Project("{FAE04EC0-301F-11D3-BF4B-00C04F79EFBC}") = "The Time in Words", "Problem Solving\Implementation\The Time in Words\The Time in Words.csproj", "{0F2AF41D-8BAC-4A1B-9084-3AFF55D0C802}"
EndProject
Project("{FAE04EC0-301F-11D3-BF4B-00C04F79EFBC}") = "Chocolate Feast", "Problem Solving\Implementation\Chocolate Feast\Chocolate Feast.csproj", "{F0577148-0099-4B7B-AE18-CF3D58672943}"
EndProject
Project("{FAE04EC0-301F-11D3-BF4B-00C04F79EFBC}") = "Service Lane", "Problem Solving\Implementation\Service Lane\Service Lane.csproj", "{D77FC36A-97D1-4F18-901C-FC2E971808EB}"
EndProject
Project("{FAE04EC0-301F-11D3-BF4B-00C04F79EFBC}") = "Lisa Workbook", "Problem Solving\Implementation\Lisa Workbook\Lisa Workbook.csproj", "{91DD99D3-5674-473C-9BEB-7B2436FD74B6}"
EndProject
Project("{FAE04EC0-301F-11D3-BF4B-00C04F79EFBC}") = "Flatland Space Stations", "Problem Solving\Implementation\Flatland Space Stations\Flatland Space Stations.csproj", "{F86B4C0D-E7B5-4589-A9CC-01FCDBA3575F}"
EndProject
Project("{FAE04EC0-301F-11D3-BF4B-00C04F79EFBC}") = "Fair Rations", "Problem Solving\Implementation\Fair Rations\Fair Rations.csproj", "{CC1CFA7F-25B5-4492-A169-7954B19F809C}"
EndProject
Project("{FAE04EC0-301F-11D3-BF4B-00C04F79EFBC}") = "Cavity Map", "Problem Solving\Implementation\Cavity Map\Cavity Map.csproj", "{CA6EEB06-5FB0-46D4-B6DE-9EBAA3D04C3D}"
EndProject
Project("{FAE04EC0-301F-11D3-BF4B-00C04F79EFBC}") = "The Grid Search", "Problem Solving\Implementation\The Grid Search\The Grid Search.csproj", "{1933D25B-C4D9-4779-BE3E-450736EC06C3}"
EndProject
Project("{FAE04EC0-301F-11D3-BF4B-00C04F79EFBC}") = "Queens Attack II", "Problem Solving\Implementation\Queens Attack II\Queens Attack II.csproj", "{60E75883-A92E-445E-9EC8-579B2DE2C482}"
EndProject
Project("{FAE04EC0-301F-11D3-BF4B-00C04F79EFBC}") = "Happy Ladybugs", "Problem Solving\Implementation\Happy Ladybugs\Happy Ladybugs.csproj", "{914F58BB-C24E-42D9-ACB6-3231D3A60641}"
EndProject
Global
	GlobalSection(SolutionConfigurationPlatforms) = preSolution
		Debug|Any CPU = Debug|Any CPU
		Debug|x64 = Debug|x64
		Debug|x86 = Debug|x86
		Release|Any CPU = Release|Any CPU
		Release|x64 = Release|x64
		Release|x86 = Release|x86
	EndGlobalSection
	GlobalSection(SolutionProperties) = preSolution
		HideSolutionNode = FALSE
	EndGlobalSection
	GlobalSection(ProjectConfigurationPlatforms) = postSolution
		{295CB0B3-1854-4DCD-86A9-D26B50D6D3D3}.Debug|Any CPU.ActiveCfg = Debug|Any CPU
		{295CB0B3-1854-4DCD-86A9-D26B50D6D3D3}.Debug|Any CPU.Build.0 = Debug|Any CPU
		{295CB0B3-1854-4DCD-86A9-D26B50D6D3D3}.Debug|x64.ActiveCfg = Debug|Any CPU
		{295CB0B3-1854-4DCD-86A9-D26B50D6D3D3}.Debug|x64.Build.0 = Debug|Any CPU
		{295CB0B3-1854-4DCD-86A9-D26B50D6D3D3}.Debug|x86.ActiveCfg = Debug|Any CPU
		{295CB0B3-1854-4DCD-86A9-D26B50D6D3D3}.Debug|x86.Build.0 = Debug|Any CPU
		{295CB0B3-1854-4DCD-86A9-D26B50D6D3D3}.Release|Any CPU.ActiveCfg = Release|Any CPU
		{295CB0B3-1854-4DCD-86A9-D26B50D6D3D3}.Release|Any CPU.Build.0 = Release|Any CPU
		{295CB0B3-1854-4DCD-86A9-D26B50D6D3D3}.Release|x64.ActiveCfg = Release|Any CPU
		{295CB0B3-1854-4DCD-86A9-D26B50D6D3D3}.Release|x64.Build.0 = Release|Any CPU
		{295CB0B3-1854-4DCD-86A9-D26B50D6D3D3}.Release|x86.ActiveCfg = Release|Any CPU
		{295CB0B3-1854-4DCD-86A9-D26B50D6D3D3}.Release|x86.Build.0 = Release|Any CPU
		{4ECC2D13-947B-4CB4-98C4-12E3B4CA7E06}.Debug|Any CPU.ActiveCfg = Debug|Any CPU
		{4ECC2D13-947B-4CB4-98C4-12E3B4CA7E06}.Debug|Any CPU.Build.0 = Debug|Any CPU
		{4ECC2D13-947B-4CB4-98C4-12E3B4CA7E06}.Debug|x64.ActiveCfg = Debug|Any CPU
		{4ECC2D13-947B-4CB4-98C4-12E3B4CA7E06}.Debug|x64.Build.0 = Debug|Any CPU
		{4ECC2D13-947B-4CB4-98C4-12E3B4CA7E06}.Debug|x86.ActiveCfg = Debug|Any CPU
		{4ECC2D13-947B-4CB4-98C4-12E3B4CA7E06}.Debug|x86.Build.0 = Debug|Any CPU
		{4ECC2D13-947B-4CB4-98C4-12E3B4CA7E06}.Release|Any CPU.ActiveCfg = Release|Any CPU
		{4ECC2D13-947B-4CB4-98C4-12E3B4CA7E06}.Release|Any CPU.Build.0 = Release|Any CPU
		{4ECC2D13-947B-4CB4-98C4-12E3B4CA7E06}.Release|x64.ActiveCfg = Release|Any CPU
		{4ECC2D13-947B-4CB4-98C4-12E3B4CA7E06}.Release|x64.Build.0 = Release|Any CPU
		{4ECC2D13-947B-4CB4-98C4-12E3B4CA7E06}.Release|x86.ActiveCfg = Release|Any CPU
		{4ECC2D13-947B-4CB4-98C4-12E3B4CA7E06}.Release|x86.Build.0 = Release|Any CPU
		{6E8F8DC6-C986-4DEE-921C-C3E299DFBD81}.Debug|Any CPU.ActiveCfg = Debug|Any CPU
		{6E8F8DC6-C986-4DEE-921C-C3E299DFBD81}.Debug|Any CPU.Build.0 = Debug|Any CPU
		{6E8F8DC6-C986-4DEE-921C-C3E299DFBD81}.Debug|x64.ActiveCfg = Debug|Any CPU
		{6E8F8DC6-C986-4DEE-921C-C3E299DFBD81}.Debug|x64.Build.0 = Debug|Any CPU
		{6E8F8DC6-C986-4DEE-921C-C3E299DFBD81}.Debug|x86.ActiveCfg = Debug|Any CPU
		{6E8F8DC6-C986-4DEE-921C-C3E299DFBD81}.Debug|x86.Build.0 = Debug|Any CPU
		{6E8F8DC6-C986-4DEE-921C-C3E299DFBD81}.Release|Any CPU.ActiveCfg = Release|Any CPU
		{6E8F8DC6-C986-4DEE-921C-C3E299DFBD81}.Release|Any CPU.Build.0 = Release|Any CPU
		{6E8F8DC6-C986-4DEE-921C-C3E299DFBD81}.Release|x64.ActiveCfg = Release|Any CPU
		{6E8F8DC6-C986-4DEE-921C-C3E299DFBD81}.Release|x64.Build.0 = Release|Any CPU
		{6E8F8DC6-C986-4DEE-921C-C3E299DFBD81}.Release|x86.ActiveCfg = Release|Any CPU
		{6E8F8DC6-C986-4DEE-921C-C3E299DFBD81}.Release|x86.Build.0 = Release|Any CPU
		{8114039D-CC8E-4232-BD5D-172ABFE214FC}.Debug|Any CPU.ActiveCfg = Debug|Any CPU
		{8114039D-CC8E-4232-BD5D-172ABFE214FC}.Debug|Any CPU.Build.0 = Debug|Any CPU
		{8114039D-CC8E-4232-BD5D-172ABFE214FC}.Debug|x64.ActiveCfg = Debug|Any CPU
		{8114039D-CC8E-4232-BD5D-172ABFE214FC}.Debug|x64.Build.0 = Debug|Any CPU
		{8114039D-CC8E-4232-BD5D-172ABFE214FC}.Debug|x86.ActiveCfg = Debug|Any CPU
		{8114039D-CC8E-4232-BD5D-172ABFE214FC}.Debug|x86.Build.0 = Debug|Any CPU
		{8114039D-CC8E-4232-BD5D-172ABFE214FC}.Release|Any CPU.ActiveCfg = Release|Any CPU
		{8114039D-CC8E-4232-BD5D-172ABFE214FC}.Release|Any CPU.Build.0 = Release|Any CPU
		{8114039D-CC8E-4232-BD5D-172ABFE214FC}.Release|x64.ActiveCfg = Release|Any CPU
		{8114039D-CC8E-4232-BD5D-172ABFE214FC}.Release|x64.Build.0 = Release|Any CPU
		{8114039D-CC8E-4232-BD5D-172ABFE214FC}.Release|x86.ActiveCfg = Release|Any CPU
		{8114039D-CC8E-4232-BD5D-172ABFE214FC}.Release|x86.Build.0 = Release|Any CPU
		{F5576B9E-21B2-4A22-AFB2-19CDF49FC70B}.Debug|Any CPU.ActiveCfg = Debug|Any CPU
		{F5576B9E-21B2-4A22-AFB2-19CDF49FC70B}.Debug|Any CPU.Build.0 = Debug|Any CPU
		{F5576B9E-21B2-4A22-AFB2-19CDF49FC70B}.Debug|x64.ActiveCfg = Debug|Any CPU
		{F5576B9E-21B2-4A22-AFB2-19CDF49FC70B}.Debug|x64.Build.0 = Debug|Any CPU
		{F5576B9E-21B2-4A22-AFB2-19CDF49FC70B}.Debug|x86.ActiveCfg = Debug|Any CPU
		{F5576B9E-21B2-4A22-AFB2-19CDF49FC70B}.Debug|x86.Build.0 = Debug|Any CPU
		{F5576B9E-21B2-4A22-AFB2-19CDF49FC70B}.Release|Any CPU.ActiveCfg = Release|Any CPU
		{F5576B9E-21B2-4A22-AFB2-19CDF49FC70B}.Release|Any CPU.Build.0 = Release|Any CPU
		{F5576B9E-21B2-4A22-AFB2-19CDF49FC70B}.Release|x64.ActiveCfg = Release|Any CPU
		{F5576B9E-21B2-4A22-AFB2-19CDF49FC70B}.Release|x64.Build.0 = Release|Any CPU
		{F5576B9E-21B2-4A22-AFB2-19CDF49FC70B}.Release|x86.ActiveCfg = Release|Any CPU
		{F5576B9E-21B2-4A22-AFB2-19CDF49FC70B}.Release|x86.Build.0 = Release|Any CPU
		{DD95EC8D-8BEF-42FB-AF5E-4E5507A50BC7}.Debug|Any CPU.ActiveCfg = Debug|Any CPU
		{DD95EC8D-8BEF-42FB-AF5E-4E5507A50BC7}.Debug|Any CPU.Build.0 = Debug|Any CPU
		{DD95EC8D-8BEF-42FB-AF5E-4E5507A50BC7}.Debug|x64.ActiveCfg = Debug|Any CPU
		{DD95EC8D-8BEF-42FB-AF5E-4E5507A50BC7}.Debug|x64.Build.0 = Debug|Any CPU
		{DD95EC8D-8BEF-42FB-AF5E-4E5507A50BC7}.Debug|x86.ActiveCfg = Debug|Any CPU
		{DD95EC8D-8BEF-42FB-AF5E-4E5507A50BC7}.Debug|x86.Build.0 = Debug|Any CPU
		{DD95EC8D-8BEF-42FB-AF5E-4E5507A50BC7}.Release|Any CPU.ActiveCfg = Release|Any CPU
		{DD95EC8D-8BEF-42FB-AF5E-4E5507A50BC7}.Release|Any CPU.Build.0 = Release|Any CPU
		{DD95EC8D-8BEF-42FB-AF5E-4E5507A50BC7}.Release|x64.ActiveCfg = Release|Any CPU
		{DD95EC8D-8BEF-42FB-AF5E-4E5507A50BC7}.Release|x64.Build.0 = Release|Any CPU
		{DD95EC8D-8BEF-42FB-AF5E-4E5507A50BC7}.Release|x86.ActiveCfg = Release|Any CPU
		{DD95EC8D-8BEF-42FB-AF5E-4E5507A50BC7}.Release|x86.Build.0 = Release|Any CPU
		{086D7E6F-401F-4726-994A-7758B3BA1E53}.Debug|Any CPU.ActiveCfg = Debug|Any CPU
		{086D7E6F-401F-4726-994A-7758B3BA1E53}.Debug|Any CPU.Build.0 = Debug|Any CPU
		{086D7E6F-401F-4726-994A-7758B3BA1E53}.Debug|x64.ActiveCfg = Debug|Any CPU
		{086D7E6F-401F-4726-994A-7758B3BA1E53}.Debug|x64.Build.0 = Debug|Any CPU
		{086D7E6F-401F-4726-994A-7758B3BA1E53}.Debug|x86.ActiveCfg = Debug|Any CPU
		{086D7E6F-401F-4726-994A-7758B3BA1E53}.Debug|x86.Build.0 = Debug|Any CPU
		{086D7E6F-401F-4726-994A-7758B3BA1E53}.Release|Any CPU.ActiveCfg = Release|Any CPU
		{086D7E6F-401F-4726-994A-7758B3BA1E53}.Release|Any CPU.Build.0 = Release|Any CPU
		{086D7E6F-401F-4726-994A-7758B3BA1E53}.Release|x64.ActiveCfg = Release|Any CPU
		{086D7E6F-401F-4726-994A-7758B3BA1E53}.Release|x64.Build.0 = Release|Any CPU
		{086D7E6F-401F-4726-994A-7758B3BA1E53}.Release|x86.ActiveCfg = Release|Any CPU
		{086D7E6F-401F-4726-994A-7758B3BA1E53}.Release|x86.Build.0 = Release|Any CPU
		{A0C62F7F-1808-4F13-9354-A21CF23C1FA9}.Debug|Any CPU.ActiveCfg = Debug|Any CPU
		{A0C62F7F-1808-4F13-9354-A21CF23C1FA9}.Debug|Any CPU.Build.0 = Debug|Any CPU
		{A0C62F7F-1808-4F13-9354-A21CF23C1FA9}.Debug|x64.ActiveCfg = Debug|Any CPU
		{A0C62F7F-1808-4F13-9354-A21CF23C1FA9}.Debug|x64.Build.0 = Debug|Any CPU
		{A0C62F7F-1808-4F13-9354-A21CF23C1FA9}.Debug|x86.ActiveCfg = Debug|Any CPU
		{A0C62F7F-1808-4F13-9354-A21CF23C1FA9}.Debug|x86.Build.0 = Debug|Any CPU
		{A0C62F7F-1808-4F13-9354-A21CF23C1FA9}.Release|Any CPU.ActiveCfg = Release|Any CPU
		{A0C62F7F-1808-4F13-9354-A21CF23C1FA9}.Release|Any CPU.Build.0 = Release|Any CPU
		{A0C62F7F-1808-4F13-9354-A21CF23C1FA9}.Release|x64.ActiveCfg = Release|Any CPU
		{A0C62F7F-1808-4F13-9354-A21CF23C1FA9}.Release|x64.Build.0 = Release|Any CPU
		{A0C62F7F-1808-4F13-9354-A21CF23C1FA9}.Release|x86.ActiveCfg = Release|Any CPU
		{A0C62F7F-1808-4F13-9354-A21CF23C1FA9}.Release|x86.Build.0 = Release|Any CPU
		{5D0750A4-4008-42B9-9CF1-86105BEC9F63}.Debug|Any CPU.ActiveCfg = Debug|Any CPU
		{5D0750A4-4008-42B9-9CF1-86105BEC9F63}.Debug|Any CPU.Build.0 = Debug|Any CPU
		{5D0750A4-4008-42B9-9CF1-86105BEC9F63}.Debug|x64.ActiveCfg = Debug|Any CPU
		{5D0750A4-4008-42B9-9CF1-86105BEC9F63}.Debug|x64.Build.0 = Debug|Any CPU
		{5D0750A4-4008-42B9-9CF1-86105BEC9F63}.Debug|x86.ActiveCfg = Debug|Any CPU
		{5D0750A4-4008-42B9-9CF1-86105BEC9F63}.Debug|x86.Build.0 = Debug|Any CPU
		{5D0750A4-4008-42B9-9CF1-86105BEC9F63}.Release|Any CPU.ActiveCfg = Release|Any CPU
		{5D0750A4-4008-42B9-9CF1-86105BEC9F63}.Release|Any CPU.Build.0 = Release|Any CPU
		{5D0750A4-4008-42B9-9CF1-86105BEC9F63}.Release|x64.ActiveCfg = Release|Any CPU
		{5D0750A4-4008-42B9-9CF1-86105BEC9F63}.Release|x64.Build.0 = Release|Any CPU
		{5D0750A4-4008-42B9-9CF1-86105BEC9F63}.Release|x86.ActiveCfg = Release|Any CPU
		{5D0750A4-4008-42B9-9CF1-86105BEC9F63}.Release|x86.Build.0 = Release|Any CPU
		{B20DC966-70A7-4B72-893A-F703AA35095C}.Debug|Any CPU.ActiveCfg = Debug|Any CPU
		{B20DC966-70A7-4B72-893A-F703AA35095C}.Debug|Any CPU.Build.0 = Debug|Any CPU
		{B20DC966-70A7-4B72-893A-F703AA35095C}.Debug|x64.ActiveCfg = Debug|Any CPU
		{B20DC966-70A7-4B72-893A-F703AA35095C}.Debug|x64.Build.0 = Debug|Any CPU
		{B20DC966-70A7-4B72-893A-F703AA35095C}.Debug|x86.ActiveCfg = Debug|Any CPU
		{B20DC966-70A7-4B72-893A-F703AA35095C}.Debug|x86.Build.0 = Debug|Any CPU
		{B20DC966-70A7-4B72-893A-F703AA35095C}.Release|Any CPU.ActiveCfg = Release|Any CPU
		{B20DC966-70A7-4B72-893A-F703AA35095C}.Release|Any CPU.Build.0 = Release|Any CPU
		{B20DC966-70A7-4B72-893A-F703AA35095C}.Release|x64.ActiveCfg = Release|Any CPU
		{B20DC966-70A7-4B72-893A-F703AA35095C}.Release|x64.Build.0 = Release|Any CPU
		{B20DC966-70A7-4B72-893A-F703AA35095C}.Release|x86.ActiveCfg = Release|Any CPU
		{B20DC966-70A7-4B72-893A-F703AA35095C}.Release|x86.Build.0 = Release|Any CPU
		{C954ABC6-6FE0-4F3F-81DE-08CE0E56EA00}.Debug|Any CPU.ActiveCfg = Debug|Any CPU
		{C954ABC6-6FE0-4F3F-81DE-08CE0E56EA00}.Debug|Any CPU.Build.0 = Debug|Any CPU
		{C954ABC6-6FE0-4F3F-81DE-08CE0E56EA00}.Debug|x64.ActiveCfg = Debug|Any CPU
		{C954ABC6-6FE0-4F3F-81DE-08CE0E56EA00}.Debug|x64.Build.0 = Debug|Any CPU
		{C954ABC6-6FE0-4F3F-81DE-08CE0E56EA00}.Debug|x86.ActiveCfg = Debug|Any CPU
		{C954ABC6-6FE0-4F3F-81DE-08CE0E56EA00}.Debug|x86.Build.0 = Debug|Any CPU
		{C954ABC6-6FE0-4F3F-81DE-08CE0E56EA00}.Release|Any CPU.ActiveCfg = Release|Any CPU
		{C954ABC6-6FE0-4F3F-81DE-08CE0E56EA00}.Release|Any CPU.Build.0 = Release|Any CPU
		{C954ABC6-6FE0-4F3F-81DE-08CE0E56EA00}.Release|x64.ActiveCfg = Release|Any CPU
		{C954ABC6-6FE0-4F3F-81DE-08CE0E56EA00}.Release|x64.Build.0 = Release|Any CPU
		{C954ABC6-6FE0-4F3F-81DE-08CE0E56EA00}.Release|x86.ActiveCfg = Release|Any CPU
		{C954ABC6-6FE0-4F3F-81DE-08CE0E56EA00}.Release|x86.Build.0 = Release|Any CPU
		{C6DDB177-8752-479B-B4F9-9F0A159BBFC7}.Debug|Any CPU.ActiveCfg = Debug|Any CPU
		{C6DDB177-8752-479B-B4F9-9F0A159BBFC7}.Debug|Any CPU.Build.0 = Debug|Any CPU
		{C6DDB177-8752-479B-B4F9-9F0A159BBFC7}.Debug|x64.ActiveCfg = Debug|Any CPU
		{C6DDB177-8752-479B-B4F9-9F0A159BBFC7}.Debug|x64.Build.0 = Debug|Any CPU
		{C6DDB177-8752-479B-B4F9-9F0A159BBFC7}.Debug|x86.ActiveCfg = Debug|Any CPU
		{C6DDB177-8752-479B-B4F9-9F0A159BBFC7}.Debug|x86.Build.0 = Debug|Any CPU
		{C6DDB177-8752-479B-B4F9-9F0A159BBFC7}.Release|Any CPU.ActiveCfg = Release|Any CPU
		{C6DDB177-8752-479B-B4F9-9F0A159BBFC7}.Release|Any CPU.Build.0 = Release|Any CPU
		{C6DDB177-8752-479B-B4F9-9F0A159BBFC7}.Release|x64.ActiveCfg = Release|Any CPU
		{C6DDB177-8752-479B-B4F9-9F0A159BBFC7}.Release|x64.Build.0 = Release|Any CPU
		{C6DDB177-8752-479B-B4F9-9F0A159BBFC7}.Release|x86.ActiveCfg = Release|Any CPU
		{C6DDB177-8752-479B-B4F9-9F0A159BBFC7}.Release|x86.Build.0 = Release|Any CPU
		{E2C12D49-E9CA-4FBB-A199-F5E3217BF14B}.Debug|Any CPU.ActiveCfg = Debug|Any CPU
		{E2C12D49-E9CA-4FBB-A199-F5E3217BF14B}.Debug|Any CPU.Build.0 = Debug|Any CPU
		{E2C12D49-E9CA-4FBB-A199-F5E3217BF14B}.Debug|x64.ActiveCfg = Debug|Any CPU
		{E2C12D49-E9CA-4FBB-A199-F5E3217BF14B}.Debug|x64.Build.0 = Debug|Any CPU
		{E2C12D49-E9CA-4FBB-A199-F5E3217BF14B}.Debug|x86.ActiveCfg = Debug|Any CPU
		{E2C12D49-E9CA-4FBB-A199-F5E3217BF14B}.Debug|x86.Build.0 = Debug|Any CPU
		{E2C12D49-E9CA-4FBB-A199-F5E3217BF14B}.Release|Any CPU.ActiveCfg = Release|Any CPU
		{E2C12D49-E9CA-4FBB-A199-F5E3217BF14B}.Release|Any CPU.Build.0 = Release|Any CPU
		{E2C12D49-E9CA-4FBB-A199-F5E3217BF14B}.Release|x64.ActiveCfg = Release|Any CPU
		{E2C12D49-E9CA-4FBB-A199-F5E3217BF14B}.Release|x64.Build.0 = Release|Any CPU
		{E2C12D49-E9CA-4FBB-A199-F5E3217BF14B}.Release|x86.ActiveCfg = Release|Any CPU
		{E2C12D49-E9CA-4FBB-A199-F5E3217BF14B}.Release|x86.Build.0 = Release|Any CPU
		{39B3952C-BE5F-4FCF-A224-A167319BCB63}.Debug|Any CPU.ActiveCfg = Debug|Any CPU
		{39B3952C-BE5F-4FCF-A224-A167319BCB63}.Debug|Any CPU.Build.0 = Debug|Any CPU
		{39B3952C-BE5F-4FCF-A224-A167319BCB63}.Debug|x64.ActiveCfg = Debug|Any CPU
		{39B3952C-BE5F-4FCF-A224-A167319BCB63}.Debug|x64.Build.0 = Debug|Any CPU
		{39B3952C-BE5F-4FCF-A224-A167319BCB63}.Debug|x86.ActiveCfg = Debug|Any CPU
		{39B3952C-BE5F-4FCF-A224-A167319BCB63}.Debug|x86.Build.0 = Debug|Any CPU
		{39B3952C-BE5F-4FCF-A224-A167319BCB63}.Release|Any CPU.ActiveCfg = Release|Any CPU
		{39B3952C-BE5F-4FCF-A224-A167319BCB63}.Release|Any CPU.Build.0 = Release|Any CPU
		{39B3952C-BE5F-4FCF-A224-A167319BCB63}.Release|x64.ActiveCfg = Release|Any CPU
		{39B3952C-BE5F-4FCF-A224-A167319BCB63}.Release|x64.Build.0 = Release|Any CPU
		{39B3952C-BE5F-4FCF-A224-A167319BCB63}.Release|x86.ActiveCfg = Release|Any CPU
		{39B3952C-BE5F-4FCF-A224-A167319BCB63}.Release|x86.Build.0 = Release|Any CPU
		{748834EE-7B32-4B88-ACA2-C78E1CB3BD08}.Debug|Any CPU.ActiveCfg = Debug|Any CPU
		{748834EE-7B32-4B88-ACA2-C78E1CB3BD08}.Debug|Any CPU.Build.0 = Debug|Any CPU
		{748834EE-7B32-4B88-ACA2-C78E1CB3BD08}.Debug|x64.ActiveCfg = Debug|Any CPU
		{748834EE-7B32-4B88-ACA2-C78E1CB3BD08}.Debug|x64.Build.0 = Debug|Any CPU
		{748834EE-7B32-4B88-ACA2-C78E1CB3BD08}.Debug|x86.ActiveCfg = Debug|Any CPU
		{748834EE-7B32-4B88-ACA2-C78E1CB3BD08}.Debug|x86.Build.0 = Debug|Any CPU
		{748834EE-7B32-4B88-ACA2-C78E1CB3BD08}.Release|Any CPU.ActiveCfg = Release|Any CPU
		{748834EE-7B32-4B88-ACA2-C78E1CB3BD08}.Release|Any CPU.Build.0 = Release|Any CPU
		{748834EE-7B32-4B88-ACA2-C78E1CB3BD08}.Release|x64.ActiveCfg = Release|Any CPU
		{748834EE-7B32-4B88-ACA2-C78E1CB3BD08}.Release|x64.Build.0 = Release|Any CPU
		{748834EE-7B32-4B88-ACA2-C78E1CB3BD08}.Release|x86.ActiveCfg = Release|Any CPU
		{748834EE-7B32-4B88-ACA2-C78E1CB3BD08}.Release|x86.Build.0 = Release|Any CPU
		{604F46A9-EF26-4CCC-A2FB-BDD4942FDB48}.Debug|Any CPU.ActiveCfg = Debug|Any CPU
		{604F46A9-EF26-4CCC-A2FB-BDD4942FDB48}.Debug|Any CPU.Build.0 = Debug|Any CPU
		{604F46A9-EF26-4CCC-A2FB-BDD4942FDB48}.Debug|x64.ActiveCfg = Debug|Any CPU
		{604F46A9-EF26-4CCC-A2FB-BDD4942FDB48}.Debug|x64.Build.0 = Debug|Any CPU
		{604F46A9-EF26-4CCC-A2FB-BDD4942FDB48}.Debug|x86.ActiveCfg = Debug|Any CPU
		{604F46A9-EF26-4CCC-A2FB-BDD4942FDB48}.Debug|x86.Build.0 = Debug|Any CPU
		{604F46A9-EF26-4CCC-A2FB-BDD4942FDB48}.Release|Any CPU.ActiveCfg = Release|Any CPU
		{604F46A9-EF26-4CCC-A2FB-BDD4942FDB48}.Release|Any CPU.Build.0 = Release|Any CPU
		{604F46A9-EF26-4CCC-A2FB-BDD4942FDB48}.Release|x64.ActiveCfg = Release|Any CPU
		{604F46A9-EF26-4CCC-A2FB-BDD4942FDB48}.Release|x64.Build.0 = Release|Any CPU
		{604F46A9-EF26-4CCC-A2FB-BDD4942FDB48}.Release|x86.ActiveCfg = Release|Any CPU
		{604F46A9-EF26-4CCC-A2FB-BDD4942FDB48}.Release|x86.Build.0 = Release|Any CPU
		{B6176108-AE68-49B2-A49B-48D809018BF3}.Debug|Any CPU.ActiveCfg = Debug|Any CPU
		{B6176108-AE68-49B2-A49B-48D809018BF3}.Debug|Any CPU.Build.0 = Debug|Any CPU
		{B6176108-AE68-49B2-A49B-48D809018BF3}.Debug|x64.ActiveCfg = Debug|Any CPU
		{B6176108-AE68-49B2-A49B-48D809018BF3}.Debug|x64.Build.0 = Debug|Any CPU
		{B6176108-AE68-49B2-A49B-48D809018BF3}.Debug|x86.ActiveCfg = Debug|Any CPU
		{B6176108-AE68-49B2-A49B-48D809018BF3}.Debug|x86.Build.0 = Debug|Any CPU
		{B6176108-AE68-49B2-A49B-48D809018BF3}.Release|Any CPU.ActiveCfg = Release|Any CPU
		{B6176108-AE68-49B2-A49B-48D809018BF3}.Release|Any CPU.Build.0 = Release|Any CPU
		{B6176108-AE68-49B2-A49B-48D809018BF3}.Release|x64.ActiveCfg = Release|Any CPU
		{B6176108-AE68-49B2-A49B-48D809018BF3}.Release|x64.Build.0 = Release|Any CPU
		{B6176108-AE68-49B2-A49B-48D809018BF3}.Release|x86.ActiveCfg = Release|Any CPU
		{B6176108-AE68-49B2-A49B-48D809018BF3}.Release|x86.Build.0 = Release|Any CPU
		{E2C74F71-F18E-45E3-9C8E-6E596BCDF99E}.Debug|Any CPU.ActiveCfg = Debug|Any CPU
		{E2C74F71-F18E-45E3-9C8E-6E596BCDF99E}.Debug|Any CPU.Build.0 = Debug|Any CPU
		{E2C74F71-F18E-45E3-9C8E-6E596BCDF99E}.Debug|x64.ActiveCfg = Debug|Any CPU
		{E2C74F71-F18E-45E3-9C8E-6E596BCDF99E}.Debug|x64.Build.0 = Debug|Any CPU
		{E2C74F71-F18E-45E3-9C8E-6E596BCDF99E}.Debug|x86.ActiveCfg = Debug|Any CPU
		{E2C74F71-F18E-45E3-9C8E-6E596BCDF99E}.Debug|x86.Build.0 = Debug|Any CPU
		{E2C74F71-F18E-45E3-9C8E-6E596BCDF99E}.Release|Any CPU.ActiveCfg = Release|Any CPU
		{E2C74F71-F18E-45E3-9C8E-6E596BCDF99E}.Release|Any CPU.Build.0 = Release|Any CPU
		{E2C74F71-F18E-45E3-9C8E-6E596BCDF99E}.Release|x64.ActiveCfg = Release|Any CPU
		{E2C74F71-F18E-45E3-9C8E-6E596BCDF99E}.Release|x64.Build.0 = Release|Any CPU
		{E2C74F71-F18E-45E3-9C8E-6E596BCDF99E}.Release|x86.ActiveCfg = Release|Any CPU
		{E2C74F71-F18E-45E3-9C8E-6E596BCDF99E}.Release|x86.Build.0 = Release|Any CPU
		{2B151E5B-A402-4826-ACEB-ABCC140CDD76}.Debug|Any CPU.ActiveCfg = Debug|Any CPU
		{2B151E5B-A402-4826-ACEB-ABCC140CDD76}.Debug|Any CPU.Build.0 = Debug|Any CPU
		{2B151E5B-A402-4826-ACEB-ABCC140CDD76}.Debug|x64.ActiveCfg = Debug|Any CPU
		{2B151E5B-A402-4826-ACEB-ABCC140CDD76}.Debug|x64.Build.0 = Debug|Any CPU
		{2B151E5B-A402-4826-ACEB-ABCC140CDD76}.Debug|x86.ActiveCfg = Debug|Any CPU
		{2B151E5B-A402-4826-ACEB-ABCC140CDD76}.Debug|x86.Build.0 = Debug|Any CPU
		{2B151E5B-A402-4826-ACEB-ABCC140CDD76}.Release|Any CPU.ActiveCfg = Release|Any CPU
		{2B151E5B-A402-4826-ACEB-ABCC140CDD76}.Release|Any CPU.Build.0 = Release|Any CPU
		{2B151E5B-A402-4826-ACEB-ABCC140CDD76}.Release|x64.ActiveCfg = Release|Any CPU
		{2B151E5B-A402-4826-ACEB-ABCC140CDD76}.Release|x64.Build.0 = Release|Any CPU
		{2B151E5B-A402-4826-ACEB-ABCC140CDD76}.Release|x86.ActiveCfg = Release|Any CPU
		{2B151E5B-A402-4826-ACEB-ABCC140CDD76}.Release|x86.Build.0 = Release|Any CPU
		{F076FCF7-1666-4B77-8571-141DF2DC9D02}.Debug|Any CPU.ActiveCfg = Debug|Any CPU
		{F076FCF7-1666-4B77-8571-141DF2DC9D02}.Debug|Any CPU.Build.0 = Debug|Any CPU
		{F076FCF7-1666-4B77-8571-141DF2DC9D02}.Debug|x64.ActiveCfg = Debug|Any CPU
		{F076FCF7-1666-4B77-8571-141DF2DC9D02}.Debug|x64.Build.0 = Debug|Any CPU
		{F076FCF7-1666-4B77-8571-141DF2DC9D02}.Debug|x86.ActiveCfg = Debug|Any CPU
		{F076FCF7-1666-4B77-8571-141DF2DC9D02}.Debug|x86.Build.0 = Debug|Any CPU
		{F076FCF7-1666-4B77-8571-141DF2DC9D02}.Release|Any CPU.ActiveCfg = Release|Any CPU
		{F076FCF7-1666-4B77-8571-141DF2DC9D02}.Release|Any CPU.Build.0 = Release|Any CPU
		{F076FCF7-1666-4B77-8571-141DF2DC9D02}.Release|x64.ActiveCfg = Release|Any CPU
		{F076FCF7-1666-4B77-8571-141DF2DC9D02}.Release|x64.Build.0 = Release|Any CPU
		{F076FCF7-1666-4B77-8571-141DF2DC9D02}.Release|x86.ActiveCfg = Release|Any CPU
		{F076FCF7-1666-4B77-8571-141DF2DC9D02}.Release|x86.Build.0 = Release|Any CPU
		{AE38E756-879F-458A-9011-138541C283C7}.Debug|Any CPU.ActiveCfg = Debug|Any CPU
		{AE38E756-879F-458A-9011-138541C283C7}.Debug|Any CPU.Build.0 = Debug|Any CPU
		{AE38E756-879F-458A-9011-138541C283C7}.Debug|x64.ActiveCfg = Debug|Any CPU
		{AE38E756-879F-458A-9011-138541C283C7}.Debug|x64.Build.0 = Debug|Any CPU
		{AE38E756-879F-458A-9011-138541C283C7}.Debug|x86.ActiveCfg = Debug|Any CPU
		{AE38E756-879F-458A-9011-138541C283C7}.Debug|x86.Build.0 = Debug|Any CPU
		{AE38E756-879F-458A-9011-138541C283C7}.Release|Any CPU.ActiveCfg = Release|Any CPU
		{AE38E756-879F-458A-9011-138541C283C7}.Release|Any CPU.Build.0 = Release|Any CPU
		{AE38E756-879F-458A-9011-138541C283C7}.Release|x64.ActiveCfg = Release|Any CPU
		{AE38E756-879F-458A-9011-138541C283C7}.Release|x64.Build.0 = Release|Any CPU
		{AE38E756-879F-458A-9011-138541C283C7}.Release|x86.ActiveCfg = Release|Any CPU
		{AE38E756-879F-458A-9011-138541C283C7}.Release|x86.Build.0 = Release|Any CPU
		{50B3CFE9-77C6-46DE-8166-C9E04BD19ECB}.Debug|Any CPU.ActiveCfg = Debug|Any CPU
		{50B3CFE9-77C6-46DE-8166-C9E04BD19ECB}.Debug|Any CPU.Build.0 = Debug|Any CPU
		{50B3CFE9-77C6-46DE-8166-C9E04BD19ECB}.Debug|x64.ActiveCfg = Debug|Any CPU
		{50B3CFE9-77C6-46DE-8166-C9E04BD19ECB}.Debug|x64.Build.0 = Debug|Any CPU
		{50B3CFE9-77C6-46DE-8166-C9E04BD19ECB}.Debug|x86.ActiveCfg = Debug|Any CPU
		{50B3CFE9-77C6-46DE-8166-C9E04BD19ECB}.Debug|x86.Build.0 = Debug|Any CPU
		{50B3CFE9-77C6-46DE-8166-C9E04BD19ECB}.Release|Any CPU.ActiveCfg = Release|Any CPU
		{50B3CFE9-77C6-46DE-8166-C9E04BD19ECB}.Release|Any CPU.Build.0 = Release|Any CPU
		{50B3CFE9-77C6-46DE-8166-C9E04BD19ECB}.Release|x64.ActiveCfg = Release|Any CPU
		{50B3CFE9-77C6-46DE-8166-C9E04BD19ECB}.Release|x64.Build.0 = Release|Any CPU
		{50B3CFE9-77C6-46DE-8166-C9E04BD19ECB}.Release|x86.ActiveCfg = Release|Any CPU
		{50B3CFE9-77C6-46DE-8166-C9E04BD19ECB}.Release|x86.Build.0 = Release|Any CPU
		{CC1B3BFC-DD07-4876-A8E0-F9433728465D}.Debug|Any CPU.ActiveCfg = Debug|Any CPU
		{CC1B3BFC-DD07-4876-A8E0-F9433728465D}.Debug|Any CPU.Build.0 = Debug|Any CPU
		{CC1B3BFC-DD07-4876-A8E0-F9433728465D}.Debug|x64.ActiveCfg = Debug|Any CPU
		{CC1B3BFC-DD07-4876-A8E0-F9433728465D}.Debug|x64.Build.0 = Debug|Any CPU
		{CC1B3BFC-DD07-4876-A8E0-F9433728465D}.Debug|x86.ActiveCfg = Debug|Any CPU
		{CC1B3BFC-DD07-4876-A8E0-F9433728465D}.Debug|x86.Build.0 = Debug|Any CPU
		{CC1B3BFC-DD07-4876-A8E0-F9433728465D}.Release|Any CPU.ActiveCfg = Release|Any CPU
		{CC1B3BFC-DD07-4876-A8E0-F9433728465D}.Release|Any CPU.Build.0 = Release|Any CPU
		{CC1B3BFC-DD07-4876-A8E0-F9433728465D}.Release|x64.ActiveCfg = Release|Any CPU
		{CC1B3BFC-DD07-4876-A8E0-F9433728465D}.Release|x64.Build.0 = Release|Any CPU
		{CC1B3BFC-DD07-4876-A8E0-F9433728465D}.Release|x86.ActiveCfg = Release|Any CPU
		{CC1B3BFC-DD07-4876-A8E0-F9433728465D}.Release|x86.Build.0 = Release|Any CPU
		{D28133CB-5CA6-4DAA-B9C0-A08E8BCBD3E0}.Debug|Any CPU.ActiveCfg = Debug|Any CPU
		{D28133CB-5CA6-4DAA-B9C0-A08E8BCBD3E0}.Debug|Any CPU.Build.0 = Debug|Any CPU
		{D28133CB-5CA6-4DAA-B9C0-A08E8BCBD3E0}.Debug|x64.ActiveCfg = Debug|Any CPU
		{D28133CB-5CA6-4DAA-B9C0-A08E8BCBD3E0}.Debug|x64.Build.0 = Debug|Any CPU
		{D28133CB-5CA6-4DAA-B9C0-A08E8BCBD3E0}.Debug|x86.ActiveCfg = Debug|Any CPU
		{D28133CB-5CA6-4DAA-B9C0-A08E8BCBD3E0}.Debug|x86.Build.0 = Debug|Any CPU
		{D28133CB-5CA6-4DAA-B9C0-A08E8BCBD3E0}.Release|Any CPU.ActiveCfg = Release|Any CPU
		{D28133CB-5CA6-4DAA-B9C0-A08E8BCBD3E0}.Release|Any CPU.Build.0 = Release|Any CPU
		{D28133CB-5CA6-4DAA-B9C0-A08E8BCBD3E0}.Release|x64.ActiveCfg = Release|Any CPU
		{D28133CB-5CA6-4DAA-B9C0-A08E8BCBD3E0}.Release|x64.Build.0 = Release|Any CPU
		{D28133CB-5CA6-4DAA-B9C0-A08E8BCBD3E0}.Release|x86.ActiveCfg = Release|Any CPU
		{D28133CB-5CA6-4DAA-B9C0-A08E8BCBD3E0}.Release|x86.Build.0 = Release|Any CPU
		{8F98D2B7-10BE-4DF5-85FB-40ACFF860F9B}.Debug|Any CPU.ActiveCfg = Debug|Any CPU
		{8F98D2B7-10BE-4DF5-85FB-40ACFF860F9B}.Debug|Any CPU.Build.0 = Debug|Any CPU
		{8F98D2B7-10BE-4DF5-85FB-40ACFF860F9B}.Debug|x64.ActiveCfg = Debug|Any CPU
		{8F98D2B7-10BE-4DF5-85FB-40ACFF860F9B}.Debug|x64.Build.0 = Debug|Any CPU
		{8F98D2B7-10BE-4DF5-85FB-40ACFF860F9B}.Debug|x86.ActiveCfg = Debug|Any CPU
		{8F98D2B7-10BE-4DF5-85FB-40ACFF860F9B}.Debug|x86.Build.0 = Debug|Any CPU
		{8F98D2B7-10BE-4DF5-85FB-40ACFF860F9B}.Release|Any CPU.ActiveCfg = Release|Any CPU
		{8F98D2B7-10BE-4DF5-85FB-40ACFF860F9B}.Release|Any CPU.Build.0 = Release|Any CPU
		{8F98D2B7-10BE-4DF5-85FB-40ACFF860F9B}.Release|x64.ActiveCfg = Release|Any CPU
		{8F98D2B7-10BE-4DF5-85FB-40ACFF860F9B}.Release|x64.Build.0 = Release|Any CPU
		{8F98D2B7-10BE-4DF5-85FB-40ACFF860F9B}.Release|x86.ActiveCfg = Release|Any CPU
		{8F98D2B7-10BE-4DF5-85FB-40ACFF860F9B}.Release|x86.Build.0 = Release|Any CPU
		{5C413032-5268-41C0-A5C1-3130E2C6C1C5}.Debug|Any CPU.ActiveCfg = Debug|Any CPU
		{5C413032-5268-41C0-A5C1-3130E2C6C1C5}.Debug|Any CPU.Build.0 = Debug|Any CPU
		{5C413032-5268-41C0-A5C1-3130E2C6C1C5}.Debug|x64.ActiveCfg = Debug|Any CPU
		{5C413032-5268-41C0-A5C1-3130E2C6C1C5}.Debug|x64.Build.0 = Debug|Any CPU
		{5C413032-5268-41C0-A5C1-3130E2C6C1C5}.Debug|x86.ActiveCfg = Debug|Any CPU
		{5C413032-5268-41C0-A5C1-3130E2C6C1C5}.Debug|x86.Build.0 = Debug|Any CPU
		{5C413032-5268-41C0-A5C1-3130E2C6C1C5}.Release|Any CPU.ActiveCfg = Release|Any CPU
		{5C413032-5268-41C0-A5C1-3130E2C6C1C5}.Release|Any CPU.Build.0 = Release|Any CPU
		{5C413032-5268-41C0-A5C1-3130E2C6C1C5}.Release|x64.ActiveCfg = Release|Any CPU
		{5C413032-5268-41C0-A5C1-3130E2C6C1C5}.Release|x64.Build.0 = Release|Any CPU
		{5C413032-5268-41C0-A5C1-3130E2C6C1C5}.Release|x86.ActiveCfg = Release|Any CPU
		{5C413032-5268-41C0-A5C1-3130E2C6C1C5}.Release|x86.Build.0 = Release|Any CPU
		{E0D086A9-B8D6-452A-BFFF-EDC974B07049}.Debug|Any CPU.ActiveCfg = Debug|Any CPU
		{E0D086A9-B8D6-452A-BFFF-EDC974B07049}.Debug|Any CPU.Build.0 = Debug|Any CPU
		{E0D086A9-B8D6-452A-BFFF-EDC974B07049}.Debug|x64.ActiveCfg = Debug|Any CPU
		{E0D086A9-B8D6-452A-BFFF-EDC974B07049}.Debug|x64.Build.0 = Debug|Any CPU
		{E0D086A9-B8D6-452A-BFFF-EDC974B07049}.Debug|x86.ActiveCfg = Debug|Any CPU
		{E0D086A9-B8D6-452A-BFFF-EDC974B07049}.Debug|x86.Build.0 = Debug|Any CPU
		{E0D086A9-B8D6-452A-BFFF-EDC974B07049}.Release|Any CPU.ActiveCfg = Release|Any CPU
		{E0D086A9-B8D6-452A-BFFF-EDC974B07049}.Release|Any CPU.Build.0 = Release|Any CPU
		{E0D086A9-B8D6-452A-BFFF-EDC974B07049}.Release|x64.ActiveCfg = Release|Any CPU
		{E0D086A9-B8D6-452A-BFFF-EDC974B07049}.Release|x64.Build.0 = Release|Any CPU
		{E0D086A9-B8D6-452A-BFFF-EDC974B07049}.Release|x86.ActiveCfg = Release|Any CPU
		{E0D086A9-B8D6-452A-BFFF-EDC974B07049}.Release|x86.Build.0 = Release|Any CPU
		{2485F7A6-505F-4B3B-8E4C-B5897D86D704}.Debug|Any CPU.ActiveCfg = Debug|Any CPU
		{2485F7A6-505F-4B3B-8E4C-B5897D86D704}.Debug|Any CPU.Build.0 = Debug|Any CPU
		{2485F7A6-505F-4B3B-8E4C-B5897D86D704}.Debug|x64.ActiveCfg = Debug|Any CPU
		{2485F7A6-505F-4B3B-8E4C-B5897D86D704}.Debug|x64.Build.0 = Debug|Any CPU
		{2485F7A6-505F-4B3B-8E4C-B5897D86D704}.Debug|x86.ActiveCfg = Debug|Any CPU
		{2485F7A6-505F-4B3B-8E4C-B5897D86D704}.Debug|x86.Build.0 = Debug|Any CPU
		{2485F7A6-505F-4B3B-8E4C-B5897D86D704}.Release|Any CPU.ActiveCfg = Release|Any CPU
		{2485F7A6-505F-4B3B-8E4C-B5897D86D704}.Release|Any CPU.Build.0 = Release|Any CPU
		{2485F7A6-505F-4B3B-8E4C-B5897D86D704}.Release|x64.ActiveCfg = Release|Any CPU
		{2485F7A6-505F-4B3B-8E4C-B5897D86D704}.Release|x64.Build.0 = Release|Any CPU
		{2485F7A6-505F-4B3B-8E4C-B5897D86D704}.Release|x86.ActiveCfg = Release|Any CPU
		{2485F7A6-505F-4B3B-8E4C-B5897D86D704}.Release|x86.Build.0 = Release|Any CPU
		{D05CFAD4-346C-4348-B0B9-110F7099C56D}.Debug|Any CPU.ActiveCfg = Debug|Any CPU
		{D05CFAD4-346C-4348-B0B9-110F7099C56D}.Debug|Any CPU.Build.0 = Debug|Any CPU
		{D05CFAD4-346C-4348-B0B9-110F7099C56D}.Debug|x64.ActiveCfg = Debug|Any CPU
		{D05CFAD4-346C-4348-B0B9-110F7099C56D}.Debug|x64.Build.0 = Debug|Any CPU
		{D05CFAD4-346C-4348-B0B9-110F7099C56D}.Debug|x86.ActiveCfg = Debug|Any CPU
		{D05CFAD4-346C-4348-B0B9-110F7099C56D}.Debug|x86.Build.0 = Debug|Any CPU
		{D05CFAD4-346C-4348-B0B9-110F7099C56D}.Release|Any CPU.ActiveCfg = Release|Any CPU
		{D05CFAD4-346C-4348-B0B9-110F7099C56D}.Release|Any CPU.Build.0 = Release|Any CPU
		{D05CFAD4-346C-4348-B0B9-110F7099C56D}.Release|x64.ActiveCfg = Release|Any CPU
		{D05CFAD4-346C-4348-B0B9-110F7099C56D}.Release|x64.Build.0 = Release|Any CPU
		{D05CFAD4-346C-4348-B0B9-110F7099C56D}.Release|x86.ActiveCfg = Release|Any CPU
		{D05CFAD4-346C-4348-B0B9-110F7099C56D}.Release|x86.Build.0 = Release|Any CPU
		{C91F9642-AB1D-424F-9C77-A15EB697C457}.Debug|Any CPU.ActiveCfg = Debug|Any CPU
		{C91F9642-AB1D-424F-9C77-A15EB697C457}.Debug|Any CPU.Build.0 = Debug|Any CPU
		{C91F9642-AB1D-424F-9C77-A15EB697C457}.Debug|x64.ActiveCfg = Debug|Any CPU
		{C91F9642-AB1D-424F-9C77-A15EB697C457}.Debug|x64.Build.0 = Debug|Any CPU
		{C91F9642-AB1D-424F-9C77-A15EB697C457}.Debug|x86.ActiveCfg = Debug|Any CPU
		{C91F9642-AB1D-424F-9C77-A15EB697C457}.Debug|x86.Build.0 = Debug|Any CPU
		{C91F9642-AB1D-424F-9C77-A15EB697C457}.Release|Any CPU.ActiveCfg = Release|Any CPU
		{C91F9642-AB1D-424F-9C77-A15EB697C457}.Release|Any CPU.Build.0 = Release|Any CPU
		{C91F9642-AB1D-424F-9C77-A15EB697C457}.Release|x64.ActiveCfg = Release|Any CPU
		{C91F9642-AB1D-424F-9C77-A15EB697C457}.Release|x64.Build.0 = Release|Any CPU
		{C91F9642-AB1D-424F-9C77-A15EB697C457}.Release|x86.ActiveCfg = Release|Any CPU
		{C91F9642-AB1D-424F-9C77-A15EB697C457}.Release|x86.Build.0 = Release|Any CPU
		{F28DC57A-2274-4166-8B12-A134803E9ED3}.Debug|Any CPU.ActiveCfg = Debug|Any CPU
		{F28DC57A-2274-4166-8B12-A134803E9ED3}.Debug|Any CPU.Build.0 = Debug|Any CPU
		{F28DC57A-2274-4166-8B12-A134803E9ED3}.Debug|x64.ActiveCfg = Debug|Any CPU
		{F28DC57A-2274-4166-8B12-A134803E9ED3}.Debug|x64.Build.0 = Debug|Any CPU
		{F28DC57A-2274-4166-8B12-A134803E9ED3}.Debug|x86.ActiveCfg = Debug|Any CPU
		{F28DC57A-2274-4166-8B12-A134803E9ED3}.Debug|x86.Build.0 = Debug|Any CPU
		{F28DC57A-2274-4166-8B12-A134803E9ED3}.Release|Any CPU.ActiveCfg = Release|Any CPU
		{F28DC57A-2274-4166-8B12-A134803E9ED3}.Release|Any CPU.Build.0 = Release|Any CPU
		{F28DC57A-2274-4166-8B12-A134803E9ED3}.Release|x64.ActiveCfg = Release|Any CPU
		{F28DC57A-2274-4166-8B12-A134803E9ED3}.Release|x64.Build.0 = Release|Any CPU
		{F28DC57A-2274-4166-8B12-A134803E9ED3}.Release|x86.ActiveCfg = Release|Any CPU
		{F28DC57A-2274-4166-8B12-A134803E9ED3}.Release|x86.Build.0 = Release|Any CPU
		{F44261A4-8AF7-474B-9403-A486F4C2FB2F}.Debug|Any CPU.ActiveCfg = Debug|Any CPU
		{F44261A4-8AF7-474B-9403-A486F4C2FB2F}.Debug|Any CPU.Build.0 = Debug|Any CPU
		{F44261A4-8AF7-474B-9403-A486F4C2FB2F}.Debug|x64.ActiveCfg = Debug|Any CPU
		{F44261A4-8AF7-474B-9403-A486F4C2FB2F}.Debug|x64.Build.0 = Debug|Any CPU
		{F44261A4-8AF7-474B-9403-A486F4C2FB2F}.Debug|x86.ActiveCfg = Debug|Any CPU
		{F44261A4-8AF7-474B-9403-A486F4C2FB2F}.Debug|x86.Build.0 = Debug|Any CPU
		{F44261A4-8AF7-474B-9403-A486F4C2FB2F}.Release|Any CPU.ActiveCfg = Release|Any CPU
		{F44261A4-8AF7-474B-9403-A486F4C2FB2F}.Release|Any CPU.Build.0 = Release|Any CPU
		{F44261A4-8AF7-474B-9403-A486F4C2FB2F}.Release|x64.ActiveCfg = Release|Any CPU
		{F44261A4-8AF7-474B-9403-A486F4C2FB2F}.Release|x64.Build.0 = Release|Any CPU
		{F44261A4-8AF7-474B-9403-A486F4C2FB2F}.Release|x86.ActiveCfg = Release|Any CPU
		{F44261A4-8AF7-474B-9403-A486F4C2FB2F}.Release|x86.Build.0 = Release|Any CPU
		{A68415D3-0E79-42B0-BC12-8446C557541D}.Debug|Any CPU.ActiveCfg = Debug|Any CPU
		{A68415D3-0E79-42B0-BC12-8446C557541D}.Debug|Any CPU.Build.0 = Debug|Any CPU
		{A68415D3-0E79-42B0-BC12-8446C557541D}.Debug|x64.ActiveCfg = Debug|Any CPU
		{A68415D3-0E79-42B0-BC12-8446C557541D}.Debug|x64.Build.0 = Debug|Any CPU
		{A68415D3-0E79-42B0-BC12-8446C557541D}.Debug|x86.ActiveCfg = Debug|Any CPU
		{A68415D3-0E79-42B0-BC12-8446C557541D}.Debug|x86.Build.0 = Debug|Any CPU
		{A68415D3-0E79-42B0-BC12-8446C557541D}.Release|Any CPU.ActiveCfg = Release|Any CPU
		{A68415D3-0E79-42B0-BC12-8446C557541D}.Release|Any CPU.Build.0 = Release|Any CPU
		{A68415D3-0E79-42B0-BC12-8446C557541D}.Release|x64.ActiveCfg = Release|Any CPU
		{A68415D3-0E79-42B0-BC12-8446C557541D}.Release|x64.Build.0 = Release|Any CPU
		{A68415D3-0E79-42B0-BC12-8446C557541D}.Release|x86.ActiveCfg = Release|Any CPU
		{A68415D3-0E79-42B0-BC12-8446C557541D}.Release|x86.Build.0 = Release|Any CPU
		{12A07EDC-4F66-40E6-8659-A4F72B33A8F7}.Debug|Any CPU.ActiveCfg = Debug|Any CPU
		{12A07EDC-4F66-40E6-8659-A4F72B33A8F7}.Debug|Any CPU.Build.0 = Debug|Any CPU
		{12A07EDC-4F66-40E6-8659-A4F72B33A8F7}.Debug|x64.ActiveCfg = Debug|Any CPU
		{12A07EDC-4F66-40E6-8659-A4F72B33A8F7}.Debug|x64.Build.0 = Debug|Any CPU
		{12A07EDC-4F66-40E6-8659-A4F72B33A8F7}.Debug|x86.ActiveCfg = Debug|Any CPU
		{12A07EDC-4F66-40E6-8659-A4F72B33A8F7}.Debug|x86.Build.0 = Debug|Any CPU
		{12A07EDC-4F66-40E6-8659-A4F72B33A8F7}.Release|Any CPU.ActiveCfg = Release|Any CPU
		{12A07EDC-4F66-40E6-8659-A4F72B33A8F7}.Release|Any CPU.Build.0 = Release|Any CPU
		{12A07EDC-4F66-40E6-8659-A4F72B33A8F7}.Release|x64.ActiveCfg = Release|Any CPU
		{12A07EDC-4F66-40E6-8659-A4F72B33A8F7}.Release|x64.Build.0 = Release|Any CPU
		{12A07EDC-4F66-40E6-8659-A4F72B33A8F7}.Release|x86.ActiveCfg = Release|Any CPU
		{12A07EDC-4F66-40E6-8659-A4F72B33A8F7}.Release|x86.Build.0 = Release|Any CPU
		{0749B441-6E69-4036-B6E9-9E8D9BF56754}.Debug|Any CPU.ActiveCfg = Debug|Any CPU
		{0749B441-6E69-4036-B6E9-9E8D9BF56754}.Debug|Any CPU.Build.0 = Debug|Any CPU
		{0749B441-6E69-4036-B6E9-9E8D9BF56754}.Debug|x64.ActiveCfg = Debug|Any CPU
		{0749B441-6E69-4036-B6E9-9E8D9BF56754}.Debug|x64.Build.0 = Debug|Any CPU
		{0749B441-6E69-4036-B6E9-9E8D9BF56754}.Debug|x86.ActiveCfg = Debug|Any CPU
		{0749B441-6E69-4036-B6E9-9E8D9BF56754}.Debug|x86.Build.0 = Debug|Any CPU
		{0749B441-6E69-4036-B6E9-9E8D9BF56754}.Release|Any CPU.ActiveCfg = Release|Any CPU
		{0749B441-6E69-4036-B6E9-9E8D9BF56754}.Release|Any CPU.Build.0 = Release|Any CPU
		{0749B441-6E69-4036-B6E9-9E8D9BF56754}.Release|x64.ActiveCfg = Release|Any CPU
		{0749B441-6E69-4036-B6E9-9E8D9BF56754}.Release|x64.Build.0 = Release|Any CPU
		{0749B441-6E69-4036-B6E9-9E8D9BF56754}.Release|x86.ActiveCfg = Release|Any CPU
		{0749B441-6E69-4036-B6E9-9E8D9BF56754}.Release|x86.Build.0 = Release|Any CPU
		{43872E68-4C1C-41AC-BAD0-C1BEADCB7F35}.Debug|Any CPU.ActiveCfg = Debug|Any CPU
		{43872E68-4C1C-41AC-BAD0-C1BEADCB7F35}.Debug|Any CPU.Build.0 = Debug|Any CPU
		{43872E68-4C1C-41AC-BAD0-C1BEADCB7F35}.Debug|x64.ActiveCfg = Debug|Any CPU
		{43872E68-4C1C-41AC-BAD0-C1BEADCB7F35}.Debug|x64.Build.0 = Debug|Any CPU
		{43872E68-4C1C-41AC-BAD0-C1BEADCB7F35}.Debug|x86.ActiveCfg = Debug|Any CPU
		{43872E68-4C1C-41AC-BAD0-C1BEADCB7F35}.Debug|x86.Build.0 = Debug|Any CPU
		{43872E68-4C1C-41AC-BAD0-C1BEADCB7F35}.Release|Any CPU.ActiveCfg = Release|Any CPU
		{43872E68-4C1C-41AC-BAD0-C1BEADCB7F35}.Release|Any CPU.Build.0 = Release|Any CPU
		{43872E68-4C1C-41AC-BAD0-C1BEADCB7F35}.Release|x64.ActiveCfg = Release|Any CPU
		{43872E68-4C1C-41AC-BAD0-C1BEADCB7F35}.Release|x64.Build.0 = Release|Any CPU
		{43872E68-4C1C-41AC-BAD0-C1BEADCB7F35}.Release|x86.ActiveCfg = Release|Any CPU
		{43872E68-4C1C-41AC-BAD0-C1BEADCB7F35}.Release|x86.Build.0 = Release|Any CPU
		{520062E7-FBBB-4D86-A29E-4426865B6ED3}.Debug|Any CPU.ActiveCfg = Debug|Any CPU
		{520062E7-FBBB-4D86-A29E-4426865B6ED3}.Debug|Any CPU.Build.0 = Debug|Any CPU
		{520062E7-FBBB-4D86-A29E-4426865B6ED3}.Debug|x64.ActiveCfg = Debug|Any CPU
		{520062E7-FBBB-4D86-A29E-4426865B6ED3}.Debug|x64.Build.0 = Debug|Any CPU
		{520062E7-FBBB-4D86-A29E-4426865B6ED3}.Debug|x86.ActiveCfg = Debug|Any CPU
		{520062E7-FBBB-4D86-A29E-4426865B6ED3}.Debug|x86.Build.0 = Debug|Any CPU
		{520062E7-FBBB-4D86-A29E-4426865B6ED3}.Release|Any CPU.ActiveCfg = Release|Any CPU
		{520062E7-FBBB-4D86-A29E-4426865B6ED3}.Release|Any CPU.Build.0 = Release|Any CPU
		{520062E7-FBBB-4D86-A29E-4426865B6ED3}.Release|x64.ActiveCfg = Release|Any CPU
		{520062E7-FBBB-4D86-A29E-4426865B6ED3}.Release|x64.Build.0 = Release|Any CPU
		{520062E7-FBBB-4D86-A29E-4426865B6ED3}.Release|x86.ActiveCfg = Release|Any CPU
		{520062E7-FBBB-4D86-A29E-4426865B6ED3}.Release|x86.Build.0 = Release|Any CPU
		{CB64E053-8B89-4EF7-B7C9-0C6A1F07923D}.Debug|Any CPU.ActiveCfg = Debug|Any CPU
		{CB64E053-8B89-4EF7-B7C9-0C6A1F07923D}.Debug|Any CPU.Build.0 = Debug|Any CPU
		{CB64E053-8B89-4EF7-B7C9-0C6A1F07923D}.Debug|x64.ActiveCfg = Debug|Any CPU
		{CB64E053-8B89-4EF7-B7C9-0C6A1F07923D}.Debug|x64.Build.0 = Debug|Any CPU
		{CB64E053-8B89-4EF7-B7C9-0C6A1F07923D}.Debug|x86.ActiveCfg = Debug|Any CPU
		{CB64E053-8B89-4EF7-B7C9-0C6A1F07923D}.Debug|x86.Build.0 = Debug|Any CPU
		{CB64E053-8B89-4EF7-B7C9-0C6A1F07923D}.Release|Any CPU.ActiveCfg = Release|Any CPU
		{CB64E053-8B89-4EF7-B7C9-0C6A1F07923D}.Release|Any CPU.Build.0 = Release|Any CPU
		{CB64E053-8B89-4EF7-B7C9-0C6A1F07923D}.Release|x64.ActiveCfg = Release|Any CPU
		{CB64E053-8B89-4EF7-B7C9-0C6A1F07923D}.Release|x64.Build.0 = Release|Any CPU
		{CB64E053-8B89-4EF7-B7C9-0C6A1F07923D}.Release|x86.ActiveCfg = Release|Any CPU
		{CB64E053-8B89-4EF7-B7C9-0C6A1F07923D}.Release|x86.Build.0 = Release|Any CPU
		{132FADD9-0729-48D7-81E8-2E6E69D453F8}.Debug|Any CPU.ActiveCfg = Debug|Any CPU
		{132FADD9-0729-48D7-81E8-2E6E69D453F8}.Debug|Any CPU.Build.0 = Debug|Any CPU
		{132FADD9-0729-48D7-81E8-2E6E69D453F8}.Debug|x64.ActiveCfg = Debug|Any CPU
		{132FADD9-0729-48D7-81E8-2E6E69D453F8}.Debug|x64.Build.0 = Debug|Any CPU
		{132FADD9-0729-48D7-81E8-2E6E69D453F8}.Debug|x86.ActiveCfg = Debug|Any CPU
		{132FADD9-0729-48D7-81E8-2E6E69D453F8}.Debug|x86.Build.0 = Debug|Any CPU
		{132FADD9-0729-48D7-81E8-2E6E69D453F8}.Release|Any CPU.ActiveCfg = Release|Any CPU
		{132FADD9-0729-48D7-81E8-2E6E69D453F8}.Release|Any CPU.Build.0 = Release|Any CPU
		{132FADD9-0729-48D7-81E8-2E6E69D453F8}.Release|x64.ActiveCfg = Release|Any CPU
		{132FADD9-0729-48D7-81E8-2E6E69D453F8}.Release|x64.Build.0 = Release|Any CPU
		{132FADD9-0729-48D7-81E8-2E6E69D453F8}.Release|x86.ActiveCfg = Release|Any CPU
		{132FADD9-0729-48D7-81E8-2E6E69D453F8}.Release|x86.Build.0 = Release|Any CPU
		{F98323BE-A293-4AD4-99A1-7EC7D987FBAE}.Debug|Any CPU.ActiveCfg = Debug|Any CPU
		{F98323BE-A293-4AD4-99A1-7EC7D987FBAE}.Debug|Any CPU.Build.0 = Debug|Any CPU
		{F98323BE-A293-4AD4-99A1-7EC7D987FBAE}.Debug|x64.ActiveCfg = Debug|Any CPU
		{F98323BE-A293-4AD4-99A1-7EC7D987FBAE}.Debug|x64.Build.0 = Debug|Any CPU
		{F98323BE-A293-4AD4-99A1-7EC7D987FBAE}.Debug|x86.ActiveCfg = Debug|Any CPU
		{F98323BE-A293-4AD4-99A1-7EC7D987FBAE}.Debug|x86.Build.0 = Debug|Any CPU
		{F98323BE-A293-4AD4-99A1-7EC7D987FBAE}.Release|Any CPU.ActiveCfg = Release|Any CPU
		{F98323BE-A293-4AD4-99A1-7EC7D987FBAE}.Release|Any CPU.Build.0 = Release|Any CPU
		{F98323BE-A293-4AD4-99A1-7EC7D987FBAE}.Release|x64.ActiveCfg = Release|Any CPU
		{F98323BE-A293-4AD4-99A1-7EC7D987FBAE}.Release|x64.Build.0 = Release|Any CPU
		{F98323BE-A293-4AD4-99A1-7EC7D987FBAE}.Release|x86.ActiveCfg = Release|Any CPU
		{F98323BE-A293-4AD4-99A1-7EC7D987FBAE}.Release|x86.Build.0 = Release|Any CPU
		{B6842F12-3A07-4FF5-B5B4-879F028AC3BF}.Debug|Any CPU.ActiveCfg = Debug|Any CPU
		{B6842F12-3A07-4FF5-B5B4-879F028AC3BF}.Debug|Any CPU.Build.0 = Debug|Any CPU
		{B6842F12-3A07-4FF5-B5B4-879F028AC3BF}.Debug|x64.ActiveCfg = Debug|Any CPU
		{B6842F12-3A07-4FF5-B5B4-879F028AC3BF}.Debug|x64.Build.0 = Debug|Any CPU
		{B6842F12-3A07-4FF5-B5B4-879F028AC3BF}.Debug|x86.ActiveCfg = Debug|Any CPU
		{B6842F12-3A07-4FF5-B5B4-879F028AC3BF}.Debug|x86.Build.0 = Debug|Any CPU
		{B6842F12-3A07-4FF5-B5B4-879F028AC3BF}.Release|Any CPU.ActiveCfg = Release|Any CPU
		{B6842F12-3A07-4FF5-B5B4-879F028AC3BF}.Release|Any CPU.Build.0 = Release|Any CPU
		{B6842F12-3A07-4FF5-B5B4-879F028AC3BF}.Release|x64.ActiveCfg = Release|Any CPU
		{B6842F12-3A07-4FF5-B5B4-879F028AC3BF}.Release|x64.Build.0 = Release|Any CPU
		{B6842F12-3A07-4FF5-B5B4-879F028AC3BF}.Release|x86.ActiveCfg = Release|Any CPU
		{B6842F12-3A07-4FF5-B5B4-879F028AC3BF}.Release|x86.Build.0 = Release|Any CPU
		{5DA40582-2976-4977-830D-A8B92E4D2ADD}.Debug|Any CPU.ActiveCfg = Debug|Any CPU
		{5DA40582-2976-4977-830D-A8B92E4D2ADD}.Debug|Any CPU.Build.0 = Debug|Any CPU
		{5DA40582-2976-4977-830D-A8B92E4D2ADD}.Debug|x64.ActiveCfg = Debug|Any CPU
		{5DA40582-2976-4977-830D-A8B92E4D2ADD}.Debug|x64.Build.0 = Debug|Any CPU
		{5DA40582-2976-4977-830D-A8B92E4D2ADD}.Debug|x86.ActiveCfg = Debug|Any CPU
		{5DA40582-2976-4977-830D-A8B92E4D2ADD}.Debug|x86.Build.0 = Debug|Any CPU
		{5DA40582-2976-4977-830D-A8B92E4D2ADD}.Release|Any CPU.ActiveCfg = Release|Any CPU
		{5DA40582-2976-4977-830D-A8B92E4D2ADD}.Release|Any CPU.Build.0 = Release|Any CPU
		{5DA40582-2976-4977-830D-A8B92E4D2ADD}.Release|x64.ActiveCfg = Release|Any CPU
		{5DA40582-2976-4977-830D-A8B92E4D2ADD}.Release|x64.Build.0 = Release|Any CPU
		{5DA40582-2976-4977-830D-A8B92E4D2ADD}.Release|x86.ActiveCfg = Release|Any CPU
		{5DA40582-2976-4977-830D-A8B92E4D2ADD}.Release|x86.Build.0 = Release|Any CPU
		{731E44D3-C411-4FD9-8065-31B6462C4318}.Debug|Any CPU.ActiveCfg = Debug|Any CPU
		{731E44D3-C411-4FD9-8065-31B6462C4318}.Debug|Any CPU.Build.0 = Debug|Any CPU
		{731E44D3-C411-4FD9-8065-31B6462C4318}.Debug|x64.ActiveCfg = Debug|Any CPU
		{731E44D3-C411-4FD9-8065-31B6462C4318}.Debug|x64.Build.0 = Debug|Any CPU
		{731E44D3-C411-4FD9-8065-31B6462C4318}.Debug|x86.ActiveCfg = Debug|Any CPU
		{731E44D3-C411-4FD9-8065-31B6462C4318}.Debug|x86.Build.0 = Debug|Any CPU
		{731E44D3-C411-4FD9-8065-31B6462C4318}.Release|Any CPU.ActiveCfg = Release|Any CPU
		{731E44D3-C411-4FD9-8065-31B6462C4318}.Release|Any CPU.Build.0 = Release|Any CPU
		{731E44D3-C411-4FD9-8065-31B6462C4318}.Release|x64.ActiveCfg = Release|Any CPU
		{731E44D3-C411-4FD9-8065-31B6462C4318}.Release|x64.Build.0 = Release|Any CPU
		{731E44D3-C411-4FD9-8065-31B6462C4318}.Release|x86.ActiveCfg = Release|Any CPU
		{731E44D3-C411-4FD9-8065-31B6462C4318}.Release|x86.Build.0 = Release|Any CPU
		{BA7E128E-8CA5-418C-B40F-A92C58751C5E}.Debug|Any CPU.ActiveCfg = Debug|Any CPU
		{BA7E128E-8CA5-418C-B40F-A92C58751C5E}.Debug|Any CPU.Build.0 = Debug|Any CPU
		{BA7E128E-8CA5-418C-B40F-A92C58751C5E}.Debug|x64.ActiveCfg = Debug|Any CPU
		{BA7E128E-8CA5-418C-B40F-A92C58751C5E}.Debug|x64.Build.0 = Debug|Any CPU
		{BA7E128E-8CA5-418C-B40F-A92C58751C5E}.Debug|x86.ActiveCfg = Debug|Any CPU
		{BA7E128E-8CA5-418C-B40F-A92C58751C5E}.Debug|x86.Build.0 = Debug|Any CPU
		{BA7E128E-8CA5-418C-B40F-A92C58751C5E}.Release|Any CPU.ActiveCfg = Release|Any CPU
		{BA7E128E-8CA5-418C-B40F-A92C58751C5E}.Release|Any CPU.Build.0 = Release|Any CPU
		{BA7E128E-8CA5-418C-B40F-A92C58751C5E}.Release|x64.ActiveCfg = Release|Any CPU
		{BA7E128E-8CA5-418C-B40F-A92C58751C5E}.Release|x64.Build.0 = Release|Any CPU
		{BA7E128E-8CA5-418C-B40F-A92C58751C5E}.Release|x86.ActiveCfg = Release|Any CPU
		{BA7E128E-8CA5-418C-B40F-A92C58751C5E}.Release|x86.Build.0 = Release|Any CPU
		{790C15C1-F09C-4807-80E3-3DADD27868A6}.Debug|Any CPU.ActiveCfg = Debug|Any CPU
		{790C15C1-F09C-4807-80E3-3DADD27868A6}.Debug|Any CPU.Build.0 = Debug|Any CPU
		{790C15C1-F09C-4807-80E3-3DADD27868A6}.Debug|x64.ActiveCfg = Debug|Any CPU
		{790C15C1-F09C-4807-80E3-3DADD27868A6}.Debug|x64.Build.0 = Debug|Any CPU
		{790C15C1-F09C-4807-80E3-3DADD27868A6}.Debug|x86.ActiveCfg = Debug|Any CPU
		{790C15C1-F09C-4807-80E3-3DADD27868A6}.Debug|x86.Build.0 = Debug|Any CPU
		{790C15C1-F09C-4807-80E3-3DADD27868A6}.Release|Any CPU.ActiveCfg = Release|Any CPU
		{790C15C1-F09C-4807-80E3-3DADD27868A6}.Release|Any CPU.Build.0 = Release|Any CPU
		{790C15C1-F09C-4807-80E3-3DADD27868A6}.Release|x64.ActiveCfg = Release|Any CPU
		{790C15C1-F09C-4807-80E3-3DADD27868A6}.Release|x64.Build.0 = Release|Any CPU
		{790C15C1-F09C-4807-80E3-3DADD27868A6}.Release|x86.ActiveCfg = Release|Any CPU
		{790C15C1-F09C-4807-80E3-3DADD27868A6}.Release|x86.Build.0 = Release|Any CPU
		{F9A7D378-7410-4778-AF7A-A4A18086D601}.Debug|Any CPU.ActiveCfg = Debug|Any CPU
		{F9A7D378-7410-4778-AF7A-A4A18086D601}.Debug|Any CPU.Build.0 = Debug|Any CPU
		{F9A7D378-7410-4778-AF7A-A4A18086D601}.Debug|x64.ActiveCfg = Debug|Any CPU
		{F9A7D378-7410-4778-AF7A-A4A18086D601}.Debug|x64.Build.0 = Debug|Any CPU
		{F9A7D378-7410-4778-AF7A-A4A18086D601}.Debug|x86.ActiveCfg = Debug|Any CPU
		{F9A7D378-7410-4778-AF7A-A4A18086D601}.Debug|x86.Build.0 = Debug|Any CPU
		{F9A7D378-7410-4778-AF7A-A4A18086D601}.Release|Any CPU.ActiveCfg = Release|Any CPU
		{F9A7D378-7410-4778-AF7A-A4A18086D601}.Release|Any CPU.Build.0 = Release|Any CPU
		{F9A7D378-7410-4778-AF7A-A4A18086D601}.Release|x64.ActiveCfg = Release|Any CPU
		{F9A7D378-7410-4778-AF7A-A4A18086D601}.Release|x64.Build.0 = Release|Any CPU
		{F9A7D378-7410-4778-AF7A-A4A18086D601}.Release|x86.ActiveCfg = Release|Any CPU
		{F9A7D378-7410-4778-AF7A-A4A18086D601}.Release|x86.Build.0 = Release|Any CPU
		{B6E520E9-B149-4F75-8E7A-DBA6857422FB}.Debug|Any CPU.ActiveCfg = Debug|Any CPU
		{B6E520E9-B149-4F75-8E7A-DBA6857422FB}.Debug|Any CPU.Build.0 = Debug|Any CPU
		{B6E520E9-B149-4F75-8E7A-DBA6857422FB}.Debug|x64.ActiveCfg = Debug|Any CPU
		{B6E520E9-B149-4F75-8E7A-DBA6857422FB}.Debug|x64.Build.0 = Debug|Any CPU
		{B6E520E9-B149-4F75-8E7A-DBA6857422FB}.Debug|x86.ActiveCfg = Debug|Any CPU
		{B6E520E9-B149-4F75-8E7A-DBA6857422FB}.Debug|x86.Build.0 = Debug|Any CPU
		{B6E520E9-B149-4F75-8E7A-DBA6857422FB}.Release|Any CPU.ActiveCfg = Release|Any CPU
		{B6E520E9-B149-4F75-8E7A-DBA6857422FB}.Release|Any CPU.Build.0 = Release|Any CPU
		{B6E520E9-B149-4F75-8E7A-DBA6857422FB}.Release|x64.ActiveCfg = Release|Any CPU
		{B6E520E9-B149-4F75-8E7A-DBA6857422FB}.Release|x64.Build.0 = Release|Any CPU
		{B6E520E9-B149-4F75-8E7A-DBA6857422FB}.Release|x86.ActiveCfg = Release|Any CPU
		{B6E520E9-B149-4F75-8E7A-DBA6857422FB}.Release|x86.Build.0 = Release|Any CPU
		{F0863462-30A7-419A-B60F-49F425D6B4E4}.Debug|Any CPU.ActiveCfg = Debug|Any CPU
		{F0863462-30A7-419A-B60F-49F425D6B4E4}.Debug|Any CPU.Build.0 = Debug|Any CPU
		{F0863462-30A7-419A-B60F-49F425D6B4E4}.Debug|x64.ActiveCfg = Debug|Any CPU
		{F0863462-30A7-419A-B60F-49F425D6B4E4}.Debug|x64.Build.0 = Debug|Any CPU
		{F0863462-30A7-419A-B60F-49F425D6B4E4}.Debug|x86.ActiveCfg = Debug|Any CPU
		{F0863462-30A7-419A-B60F-49F425D6B4E4}.Debug|x86.Build.0 = Debug|Any CPU
		{F0863462-30A7-419A-B60F-49F425D6B4E4}.Release|Any CPU.ActiveCfg = Release|Any CPU
		{F0863462-30A7-419A-B60F-49F425D6B4E4}.Release|Any CPU.Build.0 = Release|Any CPU
		{F0863462-30A7-419A-B60F-49F425D6B4E4}.Release|x64.ActiveCfg = Release|Any CPU
		{F0863462-30A7-419A-B60F-49F425D6B4E4}.Release|x64.Build.0 = Release|Any CPU
		{F0863462-30A7-419A-B60F-49F425D6B4E4}.Release|x86.ActiveCfg = Release|Any CPU
		{F0863462-30A7-419A-B60F-49F425D6B4E4}.Release|x86.Build.0 = Release|Any CPU
		{33102BE3-8D85-4E52-806F-6F5E9234BE31}.Debug|Any CPU.ActiveCfg = Debug|Any CPU
		{33102BE3-8D85-4E52-806F-6F5E9234BE31}.Debug|Any CPU.Build.0 = Debug|Any CPU
		{33102BE3-8D85-4E52-806F-6F5E9234BE31}.Debug|x64.ActiveCfg = Debug|Any CPU
		{33102BE3-8D85-4E52-806F-6F5E9234BE31}.Debug|x64.Build.0 = Debug|Any CPU
		{33102BE3-8D85-4E52-806F-6F5E9234BE31}.Debug|x86.ActiveCfg = Debug|Any CPU
		{33102BE3-8D85-4E52-806F-6F5E9234BE31}.Debug|x86.Build.0 = Debug|Any CPU
		{33102BE3-8D85-4E52-806F-6F5E9234BE31}.Release|Any CPU.ActiveCfg = Release|Any CPU
		{33102BE3-8D85-4E52-806F-6F5E9234BE31}.Release|Any CPU.Build.0 = Release|Any CPU
		{33102BE3-8D85-4E52-806F-6F5E9234BE31}.Release|x64.ActiveCfg = Release|Any CPU
		{33102BE3-8D85-4E52-806F-6F5E9234BE31}.Release|x64.Build.0 = Release|Any CPU
		{33102BE3-8D85-4E52-806F-6F5E9234BE31}.Release|x86.ActiveCfg = Release|Any CPU
		{33102BE3-8D85-4E52-806F-6F5E9234BE31}.Release|x86.Build.0 = Release|Any CPU
		{20AB803F-B928-4194-967D-960FA878FA56}.Debug|Any CPU.ActiveCfg = Debug|Any CPU
		{20AB803F-B928-4194-967D-960FA878FA56}.Debug|Any CPU.Build.0 = Debug|Any CPU
		{20AB803F-B928-4194-967D-960FA878FA56}.Debug|x64.ActiveCfg = Debug|Any CPU
		{20AB803F-B928-4194-967D-960FA878FA56}.Debug|x64.Build.0 = Debug|Any CPU
		{20AB803F-B928-4194-967D-960FA878FA56}.Debug|x86.ActiveCfg = Debug|Any CPU
		{20AB803F-B928-4194-967D-960FA878FA56}.Debug|x86.Build.0 = Debug|Any CPU
		{20AB803F-B928-4194-967D-960FA878FA56}.Release|Any CPU.ActiveCfg = Release|Any CPU
		{20AB803F-B928-4194-967D-960FA878FA56}.Release|Any CPU.Build.0 = Release|Any CPU
		{20AB803F-B928-4194-967D-960FA878FA56}.Release|x64.ActiveCfg = Release|Any CPU
		{20AB803F-B928-4194-967D-960FA878FA56}.Release|x64.Build.0 = Release|Any CPU
		{20AB803F-B928-4194-967D-960FA878FA56}.Release|x86.ActiveCfg = Release|Any CPU
		{20AB803F-B928-4194-967D-960FA878FA56}.Release|x86.Build.0 = Release|Any CPU
		{798928BC-BCBB-4335-9A6D-453EC8B9CE22}.Debug|Any CPU.ActiveCfg = Debug|Any CPU
		{798928BC-BCBB-4335-9A6D-453EC8B9CE22}.Debug|Any CPU.Build.0 = Debug|Any CPU
		{798928BC-BCBB-4335-9A6D-453EC8B9CE22}.Debug|x64.ActiveCfg = Debug|Any CPU
		{798928BC-BCBB-4335-9A6D-453EC8B9CE22}.Debug|x64.Build.0 = Debug|Any CPU
		{798928BC-BCBB-4335-9A6D-453EC8B9CE22}.Debug|x86.ActiveCfg = Debug|Any CPU
		{798928BC-BCBB-4335-9A6D-453EC8B9CE22}.Debug|x86.Build.0 = Debug|Any CPU
		{798928BC-BCBB-4335-9A6D-453EC8B9CE22}.Release|Any CPU.ActiveCfg = Release|Any CPU
		{798928BC-BCBB-4335-9A6D-453EC8B9CE22}.Release|Any CPU.Build.0 = Release|Any CPU
		{798928BC-BCBB-4335-9A6D-453EC8B9CE22}.Release|x64.ActiveCfg = Release|Any CPU
		{798928BC-BCBB-4335-9A6D-453EC8B9CE22}.Release|x64.Build.0 = Release|Any CPU
		{798928BC-BCBB-4335-9A6D-453EC8B9CE22}.Release|x86.ActiveCfg = Release|Any CPU
		{798928BC-BCBB-4335-9A6D-453EC8B9CE22}.Release|x86.Build.0 = Release|Any CPU
		{F09CD27E-946E-47A3-888E-564061D6C4B1}.Debug|Any CPU.ActiveCfg = Debug|Any CPU
		{F09CD27E-946E-47A3-888E-564061D6C4B1}.Debug|Any CPU.Build.0 = Debug|Any CPU
		{F09CD27E-946E-47A3-888E-564061D6C4B1}.Debug|x64.ActiveCfg = Debug|Any CPU
		{F09CD27E-946E-47A3-888E-564061D6C4B1}.Debug|x64.Build.0 = Debug|Any CPU
		{F09CD27E-946E-47A3-888E-564061D6C4B1}.Debug|x86.ActiveCfg = Debug|Any CPU
		{F09CD27E-946E-47A3-888E-564061D6C4B1}.Debug|x86.Build.0 = Debug|Any CPU
		{F09CD27E-946E-47A3-888E-564061D6C4B1}.Release|Any CPU.ActiveCfg = Release|Any CPU
		{F09CD27E-946E-47A3-888E-564061D6C4B1}.Release|Any CPU.Build.0 = Release|Any CPU
		{F09CD27E-946E-47A3-888E-564061D6C4B1}.Release|x64.ActiveCfg = Release|Any CPU
		{F09CD27E-946E-47A3-888E-564061D6C4B1}.Release|x64.Build.0 = Release|Any CPU
		{F09CD27E-946E-47A3-888E-564061D6C4B1}.Release|x86.ActiveCfg = Release|Any CPU
		{F09CD27E-946E-47A3-888E-564061D6C4B1}.Release|x86.Build.0 = Release|Any CPU
		{ECBC72D3-AA3B-4E9E-9504-DA930002BB8B}.Debug|Any CPU.ActiveCfg = Debug|Any CPU
		{ECBC72D3-AA3B-4E9E-9504-DA930002BB8B}.Debug|Any CPU.Build.0 = Debug|Any CPU
		{ECBC72D3-AA3B-4E9E-9504-DA930002BB8B}.Debug|x64.ActiveCfg = Debug|Any CPU
		{ECBC72D3-AA3B-4E9E-9504-DA930002BB8B}.Debug|x64.Build.0 = Debug|Any CPU
		{ECBC72D3-AA3B-4E9E-9504-DA930002BB8B}.Debug|x86.ActiveCfg = Debug|Any CPU
		{ECBC72D3-AA3B-4E9E-9504-DA930002BB8B}.Debug|x86.Build.0 = Debug|Any CPU
		{ECBC72D3-AA3B-4E9E-9504-DA930002BB8B}.Release|Any CPU.ActiveCfg = Release|Any CPU
		{ECBC72D3-AA3B-4E9E-9504-DA930002BB8B}.Release|Any CPU.Build.0 = Release|Any CPU
		{ECBC72D3-AA3B-4E9E-9504-DA930002BB8B}.Release|x64.ActiveCfg = Release|Any CPU
		{ECBC72D3-AA3B-4E9E-9504-DA930002BB8B}.Release|x64.Build.0 = Release|Any CPU
		{ECBC72D3-AA3B-4E9E-9504-DA930002BB8B}.Release|x86.ActiveCfg = Release|Any CPU
		{ECBC72D3-AA3B-4E9E-9504-DA930002BB8B}.Release|x86.Build.0 = Release|Any CPU
		{C4F5982B-4E85-4EE8-B35C-DB6C2439E288}.Debug|Any CPU.ActiveCfg = Debug|Any CPU
		{C4F5982B-4E85-4EE8-B35C-DB6C2439E288}.Debug|Any CPU.Build.0 = Debug|Any CPU
		{C4F5982B-4E85-4EE8-B35C-DB6C2439E288}.Debug|x64.ActiveCfg = Debug|Any CPU
		{C4F5982B-4E85-4EE8-B35C-DB6C2439E288}.Debug|x64.Build.0 = Debug|Any CPU
		{C4F5982B-4E85-4EE8-B35C-DB6C2439E288}.Debug|x86.ActiveCfg = Debug|Any CPU
		{C4F5982B-4E85-4EE8-B35C-DB6C2439E288}.Debug|x86.Build.0 = Debug|Any CPU
		{C4F5982B-4E85-4EE8-B35C-DB6C2439E288}.Release|Any CPU.ActiveCfg = Release|Any CPU
		{C4F5982B-4E85-4EE8-B35C-DB6C2439E288}.Release|Any CPU.Build.0 = Release|Any CPU
		{C4F5982B-4E85-4EE8-B35C-DB6C2439E288}.Release|x64.ActiveCfg = Release|Any CPU
		{C4F5982B-4E85-4EE8-B35C-DB6C2439E288}.Release|x64.Build.0 = Release|Any CPU
		{C4F5982B-4E85-4EE8-B35C-DB6C2439E288}.Release|x86.ActiveCfg = Release|Any CPU
		{C4F5982B-4E85-4EE8-B35C-DB6C2439E288}.Release|x86.Build.0 = Release|Any CPU
		{ECA926FA-DD92-4485-8D61-794ADE743A29}.Debug|Any CPU.ActiveCfg = Debug|Any CPU
		{ECA926FA-DD92-4485-8D61-794ADE743A29}.Debug|Any CPU.Build.0 = Debug|Any CPU
		{ECA926FA-DD92-4485-8D61-794ADE743A29}.Debug|x64.ActiveCfg = Debug|Any CPU
		{ECA926FA-DD92-4485-8D61-794ADE743A29}.Debug|x64.Build.0 = Debug|Any CPU
		{ECA926FA-DD92-4485-8D61-794ADE743A29}.Debug|x86.ActiveCfg = Debug|Any CPU
		{ECA926FA-DD92-4485-8D61-794ADE743A29}.Debug|x86.Build.0 = Debug|Any CPU
		{ECA926FA-DD92-4485-8D61-794ADE743A29}.Release|Any CPU.ActiveCfg = Release|Any CPU
		{ECA926FA-DD92-4485-8D61-794ADE743A29}.Release|Any CPU.Build.0 = Release|Any CPU
		{ECA926FA-DD92-4485-8D61-794ADE743A29}.Release|x64.ActiveCfg = Release|Any CPU
		{ECA926FA-DD92-4485-8D61-794ADE743A29}.Release|x64.Build.0 = Release|Any CPU
		{ECA926FA-DD92-4485-8D61-794ADE743A29}.Release|x86.ActiveCfg = Release|Any CPU
		{ECA926FA-DD92-4485-8D61-794ADE743A29}.Release|x86.Build.0 = Release|Any CPU
		{4B6B8488-0199-44AC-9E5D-01654A35C504}.Debug|Any CPU.ActiveCfg = Debug|Any CPU
		{4B6B8488-0199-44AC-9E5D-01654A35C504}.Debug|Any CPU.Build.0 = Debug|Any CPU
		{4B6B8488-0199-44AC-9E5D-01654A35C504}.Debug|x64.ActiveCfg = Debug|Any CPU
		{4B6B8488-0199-44AC-9E5D-01654A35C504}.Debug|x64.Build.0 = Debug|Any CPU
		{4B6B8488-0199-44AC-9E5D-01654A35C504}.Debug|x86.ActiveCfg = Debug|Any CPU
		{4B6B8488-0199-44AC-9E5D-01654A35C504}.Debug|x86.Build.0 = Debug|Any CPU
		{4B6B8488-0199-44AC-9E5D-01654A35C504}.Release|Any CPU.ActiveCfg = Release|Any CPU
		{4B6B8488-0199-44AC-9E5D-01654A35C504}.Release|Any CPU.Build.0 = Release|Any CPU
		{4B6B8488-0199-44AC-9E5D-01654A35C504}.Release|x64.ActiveCfg = Release|Any CPU
		{4B6B8488-0199-44AC-9E5D-01654A35C504}.Release|x64.Build.0 = Release|Any CPU
		{4B6B8488-0199-44AC-9E5D-01654A35C504}.Release|x86.ActiveCfg = Release|Any CPU
		{4B6B8488-0199-44AC-9E5D-01654A35C504}.Release|x86.Build.0 = Release|Any CPU
		{A620D3D8-9BB8-4F63-BD07-8CA24C5C534E}.Debug|Any CPU.ActiveCfg = Debug|Any CPU
		{A620D3D8-9BB8-4F63-BD07-8CA24C5C534E}.Debug|Any CPU.Build.0 = Debug|Any CPU
		{A620D3D8-9BB8-4F63-BD07-8CA24C5C534E}.Debug|x64.ActiveCfg = Debug|Any CPU
		{A620D3D8-9BB8-4F63-BD07-8CA24C5C534E}.Debug|x64.Build.0 = Debug|Any CPU
		{A620D3D8-9BB8-4F63-BD07-8CA24C5C534E}.Debug|x86.ActiveCfg = Debug|Any CPU
		{A620D3D8-9BB8-4F63-BD07-8CA24C5C534E}.Debug|x86.Build.0 = Debug|Any CPU
		{A620D3D8-9BB8-4F63-BD07-8CA24C5C534E}.Release|Any CPU.ActiveCfg = Release|Any CPU
		{A620D3D8-9BB8-4F63-BD07-8CA24C5C534E}.Release|Any CPU.Build.0 = Release|Any CPU
		{A620D3D8-9BB8-4F63-BD07-8CA24C5C534E}.Release|x64.ActiveCfg = Release|Any CPU
		{A620D3D8-9BB8-4F63-BD07-8CA24C5C534E}.Release|x64.Build.0 = Release|Any CPU
		{A620D3D8-9BB8-4F63-BD07-8CA24C5C534E}.Release|x86.ActiveCfg = Release|Any CPU
		{A620D3D8-9BB8-4F63-BD07-8CA24C5C534E}.Release|x86.Build.0 = Release|Any CPU
		{0BB5900E-5994-4644-9254-62EAA8DF927B}.Debug|Any CPU.ActiveCfg = Debug|Any CPU
		{0BB5900E-5994-4644-9254-62EAA8DF927B}.Debug|Any CPU.Build.0 = Debug|Any CPU
		{0BB5900E-5994-4644-9254-62EAA8DF927B}.Debug|x64.ActiveCfg = Debug|Any CPU
		{0BB5900E-5994-4644-9254-62EAA8DF927B}.Debug|x64.Build.0 = Debug|Any CPU
		{0BB5900E-5994-4644-9254-62EAA8DF927B}.Debug|x86.ActiveCfg = Debug|Any CPU
		{0BB5900E-5994-4644-9254-62EAA8DF927B}.Debug|x86.Build.0 = Debug|Any CPU
		{0BB5900E-5994-4644-9254-62EAA8DF927B}.Release|Any CPU.ActiveCfg = Release|Any CPU
		{0BB5900E-5994-4644-9254-62EAA8DF927B}.Release|Any CPU.Build.0 = Release|Any CPU
		{0BB5900E-5994-4644-9254-62EAA8DF927B}.Release|x64.ActiveCfg = Release|Any CPU
		{0BB5900E-5994-4644-9254-62EAA8DF927B}.Release|x64.Build.0 = Release|Any CPU
		{0BB5900E-5994-4644-9254-62EAA8DF927B}.Release|x86.ActiveCfg = Release|Any CPU
		{0BB5900E-5994-4644-9254-62EAA8DF927B}.Release|x86.Build.0 = Release|Any CPU
		{0F2AF41D-8BAC-4A1B-9084-3AFF55D0C802}.Debug|Any CPU.ActiveCfg = Debug|Any CPU
		{0F2AF41D-8BAC-4A1B-9084-3AFF55D0C802}.Debug|Any CPU.Build.0 = Debug|Any CPU
		{0F2AF41D-8BAC-4A1B-9084-3AFF55D0C802}.Debug|x64.ActiveCfg = Debug|Any CPU
		{0F2AF41D-8BAC-4A1B-9084-3AFF55D0C802}.Debug|x64.Build.0 = Debug|Any CPU
		{0F2AF41D-8BAC-4A1B-9084-3AFF55D0C802}.Debug|x86.ActiveCfg = Debug|Any CPU
		{0F2AF41D-8BAC-4A1B-9084-3AFF55D0C802}.Debug|x86.Build.0 = Debug|Any CPU
		{0F2AF41D-8BAC-4A1B-9084-3AFF55D0C802}.Release|Any CPU.ActiveCfg = Release|Any CPU
		{0F2AF41D-8BAC-4A1B-9084-3AFF55D0C802}.Release|Any CPU.Build.0 = Release|Any CPU
		{0F2AF41D-8BAC-4A1B-9084-3AFF55D0C802}.Release|x64.ActiveCfg = Release|Any CPU
		{0F2AF41D-8BAC-4A1B-9084-3AFF55D0C802}.Release|x64.Build.0 = Release|Any CPU
		{0F2AF41D-8BAC-4A1B-9084-3AFF55D0C802}.Release|x86.ActiveCfg = Release|Any CPU
		{0F2AF41D-8BAC-4A1B-9084-3AFF55D0C802}.Release|x86.Build.0 = Release|Any CPU
		{F0577148-0099-4B7B-AE18-CF3D58672943}.Debug|Any CPU.ActiveCfg = Debug|Any CPU
		{F0577148-0099-4B7B-AE18-CF3D58672943}.Debug|Any CPU.Build.0 = Debug|Any CPU
		{F0577148-0099-4B7B-AE18-CF3D58672943}.Debug|x64.ActiveCfg = Debug|Any CPU
		{F0577148-0099-4B7B-AE18-CF3D58672943}.Debug|x64.Build.0 = Debug|Any CPU
		{F0577148-0099-4B7B-AE18-CF3D58672943}.Debug|x86.ActiveCfg = Debug|Any CPU
		{F0577148-0099-4B7B-AE18-CF3D58672943}.Debug|x86.Build.0 = Debug|Any CPU
		{F0577148-0099-4B7B-AE18-CF3D58672943}.Release|Any CPU.ActiveCfg = Release|Any CPU
		{F0577148-0099-4B7B-AE18-CF3D58672943}.Release|Any CPU.Build.0 = Release|Any CPU
		{F0577148-0099-4B7B-AE18-CF3D58672943}.Release|x64.ActiveCfg = Release|Any CPU
		{F0577148-0099-4B7B-AE18-CF3D58672943}.Release|x64.Build.0 = Release|Any CPU
		{F0577148-0099-4B7B-AE18-CF3D58672943}.Release|x86.ActiveCfg = Release|Any CPU
		{F0577148-0099-4B7B-AE18-CF3D58672943}.Release|x86.Build.0 = Release|Any CPU
		{D77FC36A-97D1-4F18-901C-FC2E971808EB}.Debug|Any CPU.ActiveCfg = Debug|Any CPU
		{D77FC36A-97D1-4F18-901C-FC2E971808EB}.Debug|Any CPU.Build.0 = Debug|Any CPU
		{D77FC36A-97D1-4F18-901C-FC2E971808EB}.Debug|x64.ActiveCfg = Debug|Any CPU
		{D77FC36A-97D1-4F18-901C-FC2E971808EB}.Debug|x64.Build.0 = Debug|Any CPU
		{D77FC36A-97D1-4F18-901C-FC2E971808EB}.Debug|x86.ActiveCfg = Debug|Any CPU
		{D77FC36A-97D1-4F18-901C-FC2E971808EB}.Debug|x86.Build.0 = Debug|Any CPU
		{D77FC36A-97D1-4F18-901C-FC2E971808EB}.Release|Any CPU.ActiveCfg = Release|Any CPU
		{D77FC36A-97D1-4F18-901C-FC2E971808EB}.Release|Any CPU.Build.0 = Release|Any CPU
		{D77FC36A-97D1-4F18-901C-FC2E971808EB}.Release|x64.ActiveCfg = Release|Any CPU
		{D77FC36A-97D1-4F18-901C-FC2E971808EB}.Release|x64.Build.0 = Release|Any CPU
		{D77FC36A-97D1-4F18-901C-FC2E971808EB}.Release|x86.ActiveCfg = Release|Any CPU
		{D77FC36A-97D1-4F18-901C-FC2E971808EB}.Release|x86.Build.0 = Release|Any CPU
		{91DD99D3-5674-473C-9BEB-7B2436FD74B6}.Debug|Any CPU.ActiveCfg = Debug|Any CPU
		{91DD99D3-5674-473C-9BEB-7B2436FD74B6}.Debug|Any CPU.Build.0 = Debug|Any CPU
		{91DD99D3-5674-473C-9BEB-7B2436FD74B6}.Debug|x64.ActiveCfg = Debug|Any CPU
		{91DD99D3-5674-473C-9BEB-7B2436FD74B6}.Debug|x64.Build.0 = Debug|Any CPU
		{91DD99D3-5674-473C-9BEB-7B2436FD74B6}.Debug|x86.ActiveCfg = Debug|Any CPU
		{91DD99D3-5674-473C-9BEB-7B2436FD74B6}.Debug|x86.Build.0 = Debug|Any CPU
		{91DD99D3-5674-473C-9BEB-7B2436FD74B6}.Release|Any CPU.ActiveCfg = Release|Any CPU
		{91DD99D3-5674-473C-9BEB-7B2436FD74B6}.Release|Any CPU.Build.0 = Release|Any CPU
		{91DD99D3-5674-473C-9BEB-7B2436FD74B6}.Release|x64.ActiveCfg = Release|Any CPU
		{91DD99D3-5674-473C-9BEB-7B2436FD74B6}.Release|x64.Build.0 = Release|Any CPU
		{91DD99D3-5674-473C-9BEB-7B2436FD74B6}.Release|x86.ActiveCfg = Release|Any CPU
		{91DD99D3-5674-473C-9BEB-7B2436FD74B6}.Release|x86.Build.0 = Release|Any CPU
		{F86B4C0D-E7B5-4589-A9CC-01FCDBA3575F}.Debug|Any CPU.ActiveCfg = Debug|Any CPU
		{F86B4C0D-E7B5-4589-A9CC-01FCDBA3575F}.Debug|Any CPU.Build.0 = Debug|Any CPU
		{F86B4C0D-E7B5-4589-A9CC-01FCDBA3575F}.Debug|x64.ActiveCfg = Debug|Any CPU
		{F86B4C0D-E7B5-4589-A9CC-01FCDBA3575F}.Debug|x64.Build.0 = Debug|Any CPU
		{F86B4C0D-E7B5-4589-A9CC-01FCDBA3575F}.Debug|x86.ActiveCfg = Debug|Any CPU
		{F86B4C0D-E7B5-4589-A9CC-01FCDBA3575F}.Debug|x86.Build.0 = Debug|Any CPU
		{F86B4C0D-E7B5-4589-A9CC-01FCDBA3575F}.Release|Any CPU.ActiveCfg = Release|Any CPU
		{F86B4C0D-E7B5-4589-A9CC-01FCDBA3575F}.Release|Any CPU.Build.0 = Release|Any CPU
		{F86B4C0D-E7B5-4589-A9CC-01FCDBA3575F}.Release|x64.ActiveCfg = Release|Any CPU
		{F86B4C0D-E7B5-4589-A9CC-01FCDBA3575F}.Release|x64.Build.0 = Release|Any CPU
		{F86B4C0D-E7B5-4589-A9CC-01FCDBA3575F}.Release|x86.ActiveCfg = Release|Any CPU
		{F86B4C0D-E7B5-4589-A9CC-01FCDBA3575F}.Release|x86.Build.0 = Release|Any CPU
		{CC1CFA7F-25B5-4492-A169-7954B19F809C}.Debug|Any CPU.ActiveCfg = Debug|Any CPU
		{CC1CFA7F-25B5-4492-A169-7954B19F809C}.Debug|Any CPU.Build.0 = Debug|Any CPU
		{CC1CFA7F-25B5-4492-A169-7954B19F809C}.Debug|x64.ActiveCfg = Debug|Any CPU
		{CC1CFA7F-25B5-4492-A169-7954B19F809C}.Debug|x64.Build.0 = Debug|Any CPU
		{CC1CFA7F-25B5-4492-A169-7954B19F809C}.Debug|x86.ActiveCfg = Debug|Any CPU
		{CC1CFA7F-25B5-4492-A169-7954B19F809C}.Debug|x86.Build.0 = Debug|Any CPU
		{CC1CFA7F-25B5-4492-A169-7954B19F809C}.Release|Any CPU.ActiveCfg = Release|Any CPU
		{CC1CFA7F-25B5-4492-A169-7954B19F809C}.Release|Any CPU.Build.0 = Release|Any CPU
		{CC1CFA7F-25B5-4492-A169-7954B19F809C}.Release|x64.ActiveCfg = Release|Any CPU
		{CC1CFA7F-25B5-4492-A169-7954B19F809C}.Release|x64.Build.0 = Release|Any CPU
		{CC1CFA7F-25B5-4492-A169-7954B19F809C}.Release|x86.ActiveCfg = Release|Any CPU
		{CC1CFA7F-25B5-4492-A169-7954B19F809C}.Release|x86.Build.0 = Release|Any CPU
		{CA6EEB06-5FB0-46D4-B6DE-9EBAA3D04C3D}.Debug|Any CPU.ActiveCfg = Debug|Any CPU
		{CA6EEB06-5FB0-46D4-B6DE-9EBAA3D04C3D}.Debug|Any CPU.Build.0 = Debug|Any CPU
		{CA6EEB06-5FB0-46D4-B6DE-9EBAA3D04C3D}.Debug|x64.ActiveCfg = Debug|Any CPU
		{CA6EEB06-5FB0-46D4-B6DE-9EBAA3D04C3D}.Debug|x64.Build.0 = Debug|Any CPU
		{CA6EEB06-5FB0-46D4-B6DE-9EBAA3D04C3D}.Debug|x86.ActiveCfg = Debug|Any CPU
		{CA6EEB06-5FB0-46D4-B6DE-9EBAA3D04C3D}.Debug|x86.Build.0 = Debug|Any CPU
		{CA6EEB06-5FB0-46D4-B6DE-9EBAA3D04C3D}.Release|Any CPU.ActiveCfg = Release|Any CPU
		{CA6EEB06-5FB0-46D4-B6DE-9EBAA3D04C3D}.Release|Any CPU.Build.0 = Release|Any CPU
		{CA6EEB06-5FB0-46D4-B6DE-9EBAA3D04C3D}.Release|x64.ActiveCfg = Release|Any CPU
		{CA6EEB06-5FB0-46D4-B6DE-9EBAA3D04C3D}.Release|x64.Build.0 = Release|Any CPU
		{CA6EEB06-5FB0-46D4-B6DE-9EBAA3D04C3D}.Release|x86.ActiveCfg = Release|Any CPU
		{CA6EEB06-5FB0-46D4-B6DE-9EBAA3D04C3D}.Release|x86.Build.0 = Release|Any CPU
		{1933D25B-C4D9-4779-BE3E-450736EC06C3}.Debug|Any CPU.ActiveCfg = Debug|Any CPU
		{1933D25B-C4D9-4779-BE3E-450736EC06C3}.Debug|Any CPU.Build.0 = Debug|Any CPU
		{1933D25B-C4D9-4779-BE3E-450736EC06C3}.Debug|x64.ActiveCfg = Debug|Any CPU
		{1933D25B-C4D9-4779-BE3E-450736EC06C3}.Debug|x64.Build.0 = Debug|Any CPU
		{1933D25B-C4D9-4779-BE3E-450736EC06C3}.Debug|x86.ActiveCfg = Debug|Any CPU
		{1933D25B-C4D9-4779-BE3E-450736EC06C3}.Debug|x86.Build.0 = Debug|Any CPU
		{1933D25B-C4D9-4779-BE3E-450736EC06C3}.Release|Any CPU.ActiveCfg = Release|Any CPU
		{1933D25B-C4D9-4779-BE3E-450736EC06C3}.Release|Any CPU.Build.0 = Release|Any CPU
		{1933D25B-C4D9-4779-BE3E-450736EC06C3}.Release|x64.ActiveCfg = Release|Any CPU
		{1933D25B-C4D9-4779-BE3E-450736EC06C3}.Release|x64.Build.0 = Release|Any CPU
		{1933D25B-C4D9-4779-BE3E-450736EC06C3}.Release|x86.ActiveCfg = Release|Any CPU
		{1933D25B-C4D9-4779-BE3E-450736EC06C3}.Release|x86.Build.0 = Release|Any CPU
		{60E75883-A92E-445E-9EC8-579B2DE2C482}.Debug|Any CPU.ActiveCfg = Debug|Any CPU
		{60E75883-A92E-445E-9EC8-579B2DE2C482}.Debug|Any CPU.Build.0 = Debug|Any CPU
		{60E75883-A92E-445E-9EC8-579B2DE2C482}.Debug|x64.ActiveCfg = Debug|Any CPU
		{60E75883-A92E-445E-9EC8-579B2DE2C482}.Debug|x64.Build.0 = Debug|Any CPU
		{60E75883-A92E-445E-9EC8-579B2DE2C482}.Debug|x86.ActiveCfg = Debug|Any CPU
		{60E75883-A92E-445E-9EC8-579B2DE2C482}.Debug|x86.Build.0 = Debug|Any CPU
		{60E75883-A92E-445E-9EC8-579B2DE2C482}.Release|Any CPU.ActiveCfg = Release|Any CPU
		{60E75883-A92E-445E-9EC8-579B2DE2C482}.Release|Any CPU.Build.0 = Release|Any CPU
		{60E75883-A92E-445E-9EC8-579B2DE2C482}.Release|x64.ActiveCfg = Release|Any CPU
		{60E75883-A92E-445E-9EC8-579B2DE2C482}.Release|x64.Build.0 = Release|Any CPU
		{60E75883-A92E-445E-9EC8-579B2DE2C482}.Release|x86.ActiveCfg = Release|Any CPU
		{60E75883-A92E-445E-9EC8-579B2DE2C482}.Release|x86.Build.0 = Release|Any CPU
		{914F58BB-C24E-42D9-ACB6-3231D3A60641}.Debug|Any CPU.ActiveCfg = Debug|Any CPU
		{914F58BB-C24E-42D9-ACB6-3231D3A60641}.Debug|Any CPU.Build.0 = Debug|Any CPU
		{914F58BB-C24E-42D9-ACB6-3231D3A60641}.Debug|x64.ActiveCfg = Debug|Any CPU
		{914F58BB-C24E-42D9-ACB6-3231D3A60641}.Debug|x64.Build.0 = Debug|Any CPU
		{914F58BB-C24E-42D9-ACB6-3231D3A60641}.Debug|x86.ActiveCfg = Debug|Any CPU
		{914F58BB-C24E-42D9-ACB6-3231D3A60641}.Debug|x86.Build.0 = Debug|Any CPU
		{914F58BB-C24E-42D9-ACB6-3231D3A60641}.Release|Any CPU.ActiveCfg = Release|Any CPU
		{914F58BB-C24E-42D9-ACB6-3231D3A60641}.Release|Any CPU.Build.0 = Release|Any CPU
		{914F58BB-C24E-42D9-ACB6-3231D3A60641}.Release|x64.ActiveCfg = Release|Any CPU
		{914F58BB-C24E-42D9-ACB6-3231D3A60641}.Release|x64.Build.0 = Release|Any CPU
		{914F58BB-C24E-42D9-ACB6-3231D3A60641}.Release|x86.ActiveCfg = Release|Any CPU
		{914F58BB-C24E-42D9-ACB6-3231D3A60641}.Release|x86.Build.0 = Release|Any CPU
	EndGlobalSection
	GlobalSection(NestedProjects) = preSolution
		{93E01FD9-C279-4430-BB0A-7BE6070425E3} = {89965E82-C5F7-42B1-B2FD-B4F1EE987C72}
		{295CB0B3-1854-4DCD-86A9-D26B50D6D3D3} = {93E01FD9-C279-4430-BB0A-7BE6070425E3}
		{4ECC2D13-947B-4CB4-98C4-12E3B4CA7E06} = {93E01FD9-C279-4430-BB0A-7BE6070425E3}
		{6E8F8DC6-C986-4DEE-921C-C3E299DFBD81} = {93E01FD9-C279-4430-BB0A-7BE6070425E3}
		{8114039D-CC8E-4232-BD5D-172ABFE214FC} = {93E01FD9-C279-4430-BB0A-7BE6070425E3}
		{F5576B9E-21B2-4A22-AFB2-19CDF49FC70B} = {93E01FD9-C279-4430-BB0A-7BE6070425E3}
		{DD95EC8D-8BEF-42FB-AF5E-4E5507A50BC7} = {93E01FD9-C279-4430-BB0A-7BE6070425E3}
		{086D7E6F-401F-4726-994A-7758B3BA1E53} = {93E01FD9-C279-4430-BB0A-7BE6070425E3}
		{A0C62F7F-1808-4F13-9354-A21CF23C1FA9} = {93E01FD9-C279-4430-BB0A-7BE6070425E3}
		{5D0750A4-4008-42B9-9CF1-86105BEC9F63} = {93E01FD9-C279-4430-BB0A-7BE6070425E3}
		{B20DC966-70A7-4B72-893A-F703AA35095C} = {93E01FD9-C279-4430-BB0A-7BE6070425E3}
		{F49BFA8A-890F-4EE8-9645-B257A291738E} = {89965E82-C5F7-42B1-B2FD-B4F1EE987C72}
		{C954ABC6-6FE0-4F3F-81DE-08CE0E56EA00} = {F49BFA8A-890F-4EE8-9645-B257A291738E}
		{C6DDB177-8752-479B-B4F9-9F0A159BBFC7} = {F49BFA8A-890F-4EE8-9645-B257A291738E}
		{E2C12D49-E9CA-4FBB-A199-F5E3217BF14B} = {F49BFA8A-890F-4EE8-9645-B257A291738E}
		{39B3952C-BE5F-4FCF-A224-A167319BCB63} = {F49BFA8A-890F-4EE8-9645-B257A291738E}
		{748834EE-7B32-4B88-ACA2-C78E1CB3BD08} = {F49BFA8A-890F-4EE8-9645-B257A291738E}
		{604F46A9-EF26-4CCC-A2FB-BDD4942FDB48} = {F49BFA8A-890F-4EE8-9645-B257A291738E}
		{B6176108-AE68-49B2-A49B-48D809018BF3} = {F49BFA8A-890F-4EE8-9645-B257A291738E}
		{E2C74F71-F18E-45E3-9C8E-6E596BCDF99E} = {F49BFA8A-890F-4EE8-9645-B257A291738E}
		{2B151E5B-A402-4826-ACEB-ABCC140CDD76} = {F49BFA8A-890F-4EE8-9645-B257A291738E}
		{F076FCF7-1666-4B77-8571-141DF2DC9D02} = {F49BFA8A-890F-4EE8-9645-B257A291738E}
		{AE38E756-879F-458A-9011-138541C283C7} = {F49BFA8A-890F-4EE8-9645-B257A291738E}
		{50B3CFE9-77C6-46DE-8166-C9E04BD19ECB} = {F49BFA8A-890F-4EE8-9645-B257A291738E}
		{CC1B3BFC-DD07-4876-A8E0-F9433728465D} = {F49BFA8A-890F-4EE8-9645-B257A291738E}
		{D28133CB-5CA6-4DAA-B9C0-A08E8BCBD3E0} = {F49BFA8A-890F-4EE8-9645-B257A291738E}
		{8F98D2B7-10BE-4DF5-85FB-40ACFF860F9B} = {F49BFA8A-890F-4EE8-9645-B257A291738E}
		{5C413032-5268-41C0-A5C1-3130E2C6C1C5} = {F49BFA8A-890F-4EE8-9645-B257A291738E}
		{E0D086A9-B8D6-452A-BFFF-EDC974B07049} = {F49BFA8A-890F-4EE8-9645-B257A291738E}
		{2485F7A6-505F-4B3B-8E4C-B5897D86D704} = {F49BFA8A-890F-4EE8-9645-B257A291738E}
		{D05CFAD4-346C-4348-B0B9-110F7099C56D} = {F49BFA8A-890F-4EE8-9645-B257A291738E}
		{C91F9642-AB1D-424F-9C77-A15EB697C457} = {F49BFA8A-890F-4EE8-9645-B257A291738E}
		{F28DC57A-2274-4166-8B12-A134803E9ED3} = {F49BFA8A-890F-4EE8-9645-B257A291738E}
		{F44261A4-8AF7-474B-9403-A486F4C2FB2F} = {F49BFA8A-890F-4EE8-9645-B257A291738E}
		{A68415D3-0E79-42B0-BC12-8446C557541D} = {F49BFA8A-890F-4EE8-9645-B257A291738E}
		{12A07EDC-4F66-40E6-8659-A4F72B33A8F7} = {F49BFA8A-890F-4EE8-9645-B257A291738E}
		{0749B441-6E69-4036-B6E9-9E8D9BF56754} = {F49BFA8A-890F-4EE8-9645-B257A291738E}
		{43872E68-4C1C-41AC-BAD0-C1BEADCB7F35} = {F49BFA8A-890F-4EE8-9645-B257A291738E}
		{520062E7-FBBB-4D86-A29E-4426865B6ED3} = {F49BFA8A-890F-4EE8-9645-B257A291738E}
		{CB64E053-8B89-4EF7-B7C9-0C6A1F07923D} = {F49BFA8A-890F-4EE8-9645-B257A291738E}
		{132FADD9-0729-48D7-81E8-2E6E69D453F8} = {F49BFA8A-890F-4EE8-9645-B257A291738E}
		{F98323BE-A293-4AD4-99A1-7EC7D987FBAE} = {F49BFA8A-890F-4EE8-9645-B257A291738E}
		{B6842F12-3A07-4FF5-B5B4-879F028AC3BF} = {F49BFA8A-890F-4EE8-9645-B257A291738E}
		{5DA40582-2976-4977-830D-A8B92E4D2ADD} = {F49BFA8A-890F-4EE8-9645-B257A291738E}
		{731E44D3-C411-4FD9-8065-31B6462C4318} = {F49BFA8A-890F-4EE8-9645-B257A291738E}
		{BA7E128E-8CA5-418C-B40F-A92C58751C5E} = {F49BFA8A-890F-4EE8-9645-B257A291738E}
		{790C15C1-F09C-4807-80E3-3DADD27868A6} = {F49BFA8A-890F-4EE8-9645-B257A291738E}
		{F9A7D378-7410-4778-AF7A-A4A18086D601} = {F49BFA8A-890F-4EE8-9645-B257A291738E}
		{B6E520E9-B149-4F75-8E7A-DBA6857422FB} = {F49BFA8A-890F-4EE8-9645-B257A291738E}
		{F0863462-30A7-419A-B60F-49F425D6B4E4} = {F49BFA8A-890F-4EE8-9645-B257A291738E}
		{33102BE3-8D85-4E52-806F-6F5E9234BE31} = {F49BFA8A-890F-4EE8-9645-B257A291738E}
		{20AB803F-B928-4194-967D-960FA878FA56} = {F49BFA8A-890F-4EE8-9645-B257A291738E}
		{798928BC-BCBB-4335-9A6D-453EC8B9CE22} = {F49BFA8A-890F-4EE8-9645-B257A291738E}
		{F09CD27E-946E-47A3-888E-564061D6C4B1} = {F49BFA8A-890F-4EE8-9645-B257A291738E}
		{ECBC72D3-AA3B-4E9E-9504-DA930002BB8B} = {F49BFA8A-890F-4EE8-9645-B257A291738E}
		{C4F5982B-4E85-4EE8-B35C-DB6C2439E288} = {F49BFA8A-890F-4EE8-9645-B257A291738E}
		{ECA926FA-DD92-4485-8D61-794ADE743A29} = {F49BFA8A-890F-4EE8-9645-B257A291738E}
		{4B6B8488-0199-44AC-9E5D-01654A35C504} = {F49BFA8A-890F-4EE8-9645-B257A291738E}
		{A620D3D8-9BB8-4F63-BD07-8CA24C5C534E} = {F49BFA8A-890F-4EE8-9645-B257A291738E}
		{0BB5900E-5994-4644-9254-62EAA8DF927B} = {F49BFA8A-890F-4EE8-9645-B257A291738E}
		{0F2AF41D-8BAC-4A1B-9084-3AFF55D0C802} = {F49BFA8A-890F-4EE8-9645-B257A291738E}
		{F0577148-0099-4B7B-AE18-CF3D58672943} = {F49BFA8A-890F-4EE8-9645-B257A291738E}
		{D77FC36A-97D1-4F18-901C-FC2E971808EB} = {F49BFA8A-890F-4EE8-9645-B257A291738E}
		{91DD99D3-5674-473C-9BEB-7B2436FD74B6} = {F49BFA8A-890F-4EE8-9645-B257A291738E}
		{F86B4C0D-E7B5-4589-A9CC-01FCDBA3575F} = {F49BFA8A-890F-4EE8-9645-B257A291738E}
		{CC1CFA7F-25B5-4492-A169-7954B19F809C} = {F49BFA8A-890F-4EE8-9645-B257A291738E}
		{CA6EEB06-5FB0-46D4-B6DE-9EBAA3D04C3D} = {F49BFA8A-890F-4EE8-9645-B257A291738E}
		{1933D25B-C4D9-4779-BE3E-450736EC06C3} = {F49BFA8A-890F-4EE8-9645-B257A291738E}
		{60E75883-A92E-445E-9EC8-579B2DE2C482} = {F49BFA8A-890F-4EE8-9645-B257A291738E}
		{914F58BB-C24E-42D9-ACB6-3231D3A60641} = {F49BFA8A-890F-4EE8-9645-B257A291738E}
	EndGlobalSection
EndGlobal
