
Microsoft Visual Studio Solution File, Format Version 12.00
# Visual Studio 15
VisualStudioVersion = 15.0.26124.0
MinimumVisualStudioVersion = 15.0.26124.0
Project("{2150E333-8FDC-42A3-9474-1A3956D46DE8}") = "Problem Solving", "Problem Solving", "{89965E82-C5F7-42B1-B2FD-B4F1EE987C72}"
EndProject
Project("{2150E333-8FDC-42A3-9474-1A3956D46DE8}") = "Warmup", "Warmup", "{93E01FD9-C279-4430-BB0A-7BE6070425E3}"
EndProject
Project("{FAE04EC0-301F-11D3-BF4B-00C04F79EFBC}") = "Solve Me First", "Problem Solving\Warmup\Solve Me First\Solve Me First.csproj", "{295CB0B3-1854-4DCD-86A9-D26B50D6D3D3}"
EndProject
Project("{FAE04EC0-301F-11D3-BF4B-00C04F79EFBC}") = "Simple Array Sum", "Problem Solving\Warmup\Simple Array Sum\Simple Array Sum.csproj", "{4ECC2D13-947B-4CB4-98C4-12E3B4CA7E06}"
EndProject
Project("{FAE04EC0-301F-11D3-BF4B-00C04F79EFBC}") = "Compare the Triplets", "Problem Solving\Warmup\Compare the Triplets\Compare the Triplets.csproj", "{6E8F8DC6-C986-4DEE-921C-C3E299DFBD81}"
EndProject
Project("{FAE04EC0-301F-11D3-BF4B-00C04F79EFBC}") = "A Very Big Sum", "Problem Solving\Warmup\A Very Big Sum\A Very Big Sum.csproj", "{8114039D-CC8E-4232-BD5D-172ABFE214FC}"
EndProject
Project("{FAE04EC0-301F-11D3-BF4B-00C04F79EFBC}") = "Diagonal Difference", "Problem Solving\Warmup\Diagonal Difference\Diagonal Difference.csproj", "{F5576B9E-21B2-4A22-AFB2-19CDF49FC70B}"
EndProject
Project("{FAE04EC0-301F-11D3-BF4B-00C04F79EFBC}") = "Plus Minus", "Problem Solving\Warmup\Plus Minus\Plus Minus.csproj", "{DD95EC8D-8BEF-42FB-AF5E-4E5507A50BC7}"
EndProject
Project("{FAE04EC0-301F-11D3-BF4B-00C04F79EFBC}") = "Staircase", "Problem Solving\Warmup\Staircase\Staircase.csproj", "{086D7E6F-401F-4726-994A-7758B3BA1E53}"
EndProject
Project("{FAE04EC0-301F-11D3-BF4B-00C04F79EFBC}") = "Mini-Max Sum", "Problem Solving\Warmup\Mini-Max Sum\Mini-Max Sum.csproj", "{A0C62F7F-1808-4F13-9354-A21CF23C1FA9}"
EndProject
Project("{FAE04EC0-301F-11D3-BF4B-00C04F79EFBC}") = "Birthday Cake Candles", "Problem Solving\Warmup\Birthday Cake Candles\Birthday Cake Candles.csproj", "{5D0750A4-4008-42B9-9CF1-86105BEC9F63}"
EndProject
Project("{FAE04EC0-301F-11D3-BF4B-00C04F79EFBC}") = "Time Conversion", "Problem Solving\Warmup\Time Conversion\Time Conversion.csproj", "{B20DC966-70A7-4B72-893A-F703AA35095C}"
EndProject
Project("{2150E333-8FDC-42A3-9474-1A3956D46DE8}") = "Implementation", "Implementation", "{F49BFA8A-890F-4EE8-9645-B257A291738E}"
EndProject
Project("{FAE04EC0-301F-11D3-BF4B-00C04F79EFBC}") = "Grading Students", "Problem Solving\Implementation\Grading Students\Grading Students.csproj", "{C954ABC6-6FE0-4F3F-81DE-08CE0E56EA00}"
EndProject
Project("{FAE04EC0-301F-11D3-BF4B-00C04F79EFBC}") = "Apple and Orange", "Problem Solving\Implementation\Apple and Orange\Apple and Orange.csproj", "{C6DDB177-8752-479B-B4F9-9F0A159BBFC7}"
EndProject
Project("{FAE04EC0-301F-11D3-BF4B-00C04F79EFBC}") = "Kangaroo", "Problem Solving\Implementation\Kangaroo\Kangaroo.csproj", "{E2C12D49-E9CA-4FBB-A199-F5E3217BF14B}"
EndProject
Global
	GlobalSection(SolutionConfigurationPlatforms) = preSolution
		Debug|Any CPU = Debug|Any CPU
		Debug|x64 = Debug|x64
		Debug|x86 = Debug|x86
		Release|Any CPU = Release|Any CPU
		Release|x64 = Release|x64
		Release|x86 = Release|x86
	EndGlobalSection
	GlobalSection(SolutionProperties) = preSolution
		HideSolutionNode = FALSE
	EndGlobalSection
	GlobalSection(ProjectConfigurationPlatforms) = postSolution
		{295CB0B3-1854-4DCD-86A9-D26B50D6D3D3}.Debug|Any CPU.ActiveCfg = Debug|Any CPU
		{295CB0B3-1854-4DCD-86A9-D26B50D6D3D3}.Debug|Any CPU.Build.0 = Debug|Any CPU
		{295CB0B3-1854-4DCD-86A9-D26B50D6D3D3}.Debug|x64.ActiveCfg = Debug|Any CPU
		{295CB0B3-1854-4DCD-86A9-D26B50D6D3D3}.Debug|x64.Build.0 = Debug|Any CPU
		{295CB0B3-1854-4DCD-86A9-D26B50D6D3D3}.Debug|x86.ActiveCfg = Debug|Any CPU
		{295CB0B3-1854-4DCD-86A9-D26B50D6D3D3}.Debug|x86.Build.0 = Debug|Any CPU
		{295CB0B3-1854-4DCD-86A9-D26B50D6D3D3}.Release|Any CPU.ActiveCfg = Release|Any CPU
		{295CB0B3-1854-4DCD-86A9-D26B50D6D3D3}.Release|Any CPU.Build.0 = Release|Any CPU
		{295CB0B3-1854-4DCD-86A9-D26B50D6D3D3}.Release|x64.ActiveCfg = Release|Any CPU
		{295CB0B3-1854-4DCD-86A9-D26B50D6D3D3}.Release|x64.Build.0 = Release|Any CPU
		{295CB0B3-1854-4DCD-86A9-D26B50D6D3D3}.Release|x86.ActiveCfg = Release|Any CPU
		{295CB0B3-1854-4DCD-86A9-D26B50D6D3D3}.Release|x86.Build.0 = Release|Any CPU
		{4ECC2D13-947B-4CB4-98C4-12E3B4CA7E06}.Debug|Any CPU.ActiveCfg = Debug|Any CPU
		{4ECC2D13-947B-4CB4-98C4-12E3B4CA7E06}.Debug|Any CPU.Build.0 = Debug|Any CPU
		{4ECC2D13-947B-4CB4-98C4-12E3B4CA7E06}.Debug|x64.ActiveCfg = Debug|Any CPU
		{4ECC2D13-947B-4CB4-98C4-12E3B4CA7E06}.Debug|x64.Build.0 = Debug|Any CPU
		{4ECC2D13-947B-4CB4-98C4-12E3B4CA7E06}.Debug|x86.ActiveCfg = Debug|Any CPU
		{4ECC2D13-947B-4CB4-98C4-12E3B4CA7E06}.Debug|x86.Build.0 = Debug|Any CPU
		{4ECC2D13-947B-4CB4-98C4-12E3B4CA7E06}.Release|Any CPU.ActiveCfg = Release|Any CPU
		{4ECC2D13-947B-4CB4-98C4-12E3B4CA7E06}.Release|Any CPU.Build.0 = Release|Any CPU
		{4ECC2D13-947B-4CB4-98C4-12E3B4CA7E06}.Release|x64.ActiveCfg = Release|Any CPU
		{4ECC2D13-947B-4CB4-98C4-12E3B4CA7E06}.Release|x64.Build.0 = Release|Any CPU
		{4ECC2D13-947B-4CB4-98C4-12E3B4CA7E06}.Release|x86.ActiveCfg = Release|Any CPU
		{4ECC2D13-947B-4CB4-98C4-12E3B4CA7E06}.Release|x86.Build.0 = Release|Any CPU
		{6E8F8DC6-C986-4DEE-921C-C3E299DFBD81}.Debug|Any CPU.ActiveCfg = Debug|Any CPU
		{6E8F8DC6-C986-4DEE-921C-C3E299DFBD81}.Debug|Any CPU.Build.0 = Debug|Any CPU
		{6E8F8DC6-C986-4DEE-921C-C3E299DFBD81}.Debug|x64.ActiveCfg = Debug|Any CPU
		{6E8F8DC6-C986-4DEE-921C-C3E299DFBD81}.Debug|x64.Build.0 = Debug|Any CPU
		{6E8F8DC6-C986-4DEE-921C-C3E299DFBD81}.Debug|x86.ActiveCfg = Debug|Any CPU
		{6E8F8DC6-C986-4DEE-921C-C3E299DFBD81}.Debug|x86.Build.0 = Debug|Any CPU
		{6E8F8DC6-C986-4DEE-921C-C3E299DFBD81}.Release|Any CPU.ActiveCfg = Release|Any CPU
		{6E8F8DC6-C986-4DEE-921C-C3E299DFBD81}.Release|Any CPU.Build.0 = Release|Any CPU
		{6E8F8DC6-C986-4DEE-921C-C3E299DFBD81}.Release|x64.ActiveCfg = Release|Any CPU
		{6E8F8DC6-C986-4DEE-921C-C3E299DFBD81}.Release|x64.Build.0 = Release|Any CPU
		{6E8F8DC6-C986-4DEE-921C-C3E299DFBD81}.Release|x86.ActiveCfg = Release|Any CPU
		{6E8F8DC6-C986-4DEE-921C-C3E299DFBD81}.Release|x86.Build.0 = Release|Any CPU
		{8114039D-CC8E-4232-BD5D-172ABFE214FC}.Debug|Any CPU.ActiveCfg = Debug|Any CPU
		{8114039D-CC8E-4232-BD5D-172ABFE214FC}.Debug|Any CPU.Build.0 = Debug|Any CPU
		{8114039D-CC8E-4232-BD5D-172ABFE214FC}.Debug|x64.ActiveCfg = Debug|Any CPU
		{8114039D-CC8E-4232-BD5D-172ABFE214FC}.Debug|x64.Build.0 = Debug|Any CPU
		{8114039D-CC8E-4232-BD5D-172ABFE214FC}.Debug|x86.ActiveCfg = Debug|Any CPU
		{8114039D-CC8E-4232-BD5D-172ABFE214FC}.Debug|x86.Build.0 = Debug|Any CPU
		{8114039D-CC8E-4232-BD5D-172ABFE214FC}.Release|Any CPU.ActiveCfg = Release|Any CPU
		{8114039D-CC8E-4232-BD5D-172ABFE214FC}.Release|Any CPU.Build.0 = Release|Any CPU
		{8114039D-CC8E-4232-BD5D-172ABFE214FC}.Release|x64.ActiveCfg = Release|Any CPU
		{8114039D-CC8E-4232-BD5D-172ABFE214FC}.Release|x64.Build.0 = Release|Any CPU
		{8114039D-CC8E-4232-BD5D-172ABFE214FC}.Release|x86.ActiveCfg = Release|Any CPU
		{8114039D-CC8E-4232-BD5D-172ABFE214FC}.Release|x86.Build.0 = Release|Any CPU
		{F5576B9E-21B2-4A22-AFB2-19CDF49FC70B}.Debug|Any CPU.ActiveCfg = Debug|Any CPU
		{F5576B9E-21B2-4A22-AFB2-19CDF49FC70B}.Debug|Any CPU.Build.0 = Debug|Any CPU
		{F5576B9E-21B2-4A22-AFB2-19CDF49FC70B}.Debug|x64.ActiveCfg = Debug|Any CPU
		{F5576B9E-21B2-4A22-AFB2-19CDF49FC70B}.Debug|x64.Build.0 = Debug|Any CPU
		{F5576B9E-21B2-4A22-AFB2-19CDF49FC70B}.Debug|x86.ActiveCfg = Debug|Any CPU
		{F5576B9E-21B2-4A22-AFB2-19CDF49FC70B}.Debug|x86.Build.0 = Debug|Any CPU
		{F5576B9E-21B2-4A22-AFB2-19CDF49FC70B}.Release|Any CPU.ActiveCfg = Release|Any CPU
		{F5576B9E-21B2-4A22-AFB2-19CDF49FC70B}.Release|Any CPU.Build.0 = Release|Any CPU
		{F5576B9E-21B2-4A22-AFB2-19CDF49FC70B}.Release|x64.ActiveCfg = Release|Any CPU
		{F5576B9E-21B2-4A22-AFB2-19CDF49FC70B}.Release|x64.Build.0 = Release|Any CPU
		{F5576B9E-21B2-4A22-AFB2-19CDF49FC70B}.Release|x86.ActiveCfg = Release|Any CPU
		{F5576B9E-21B2-4A22-AFB2-19CDF49FC70B}.Release|x86.Build.0 = Release|Any CPU
		{DD95EC8D-8BEF-42FB-AF5E-4E5507A50BC7}.Debug|Any CPU.ActiveCfg = Debug|Any CPU
		{DD95EC8D-8BEF-42FB-AF5E-4E5507A50BC7}.Debug|Any CPU.Build.0 = Debug|Any CPU
		{DD95EC8D-8BEF-42FB-AF5E-4E5507A50BC7}.Debug|x64.ActiveCfg = Debug|Any CPU
		{DD95EC8D-8BEF-42FB-AF5E-4E5507A50BC7}.Debug|x64.Build.0 = Debug|Any CPU
		{DD95EC8D-8BEF-42FB-AF5E-4E5507A50BC7}.Debug|x86.ActiveCfg = Debug|Any CPU
		{DD95EC8D-8BEF-42FB-AF5E-4E5507A50BC7}.Debug|x86.Build.0 = Debug|Any CPU
		{DD95EC8D-8BEF-42FB-AF5E-4E5507A50BC7}.Release|Any CPU.ActiveCfg = Release|Any CPU
		{DD95EC8D-8BEF-42FB-AF5E-4E5507A50BC7}.Release|Any CPU.Build.0 = Release|Any CPU
		{DD95EC8D-8BEF-42FB-AF5E-4E5507A50BC7}.Release|x64.ActiveCfg = Release|Any CPU
		{DD95EC8D-8BEF-42FB-AF5E-4E5507A50BC7}.Release|x64.Build.0 = Release|Any CPU
		{DD95EC8D-8BEF-42FB-AF5E-4E5507A50BC7}.Release|x86.ActiveCfg = Release|Any CPU
		{DD95EC8D-8BEF-42FB-AF5E-4E5507A50BC7}.Release|x86.Build.0 = Release|Any CPU
		{086D7E6F-401F-4726-994A-7758B3BA1E53}.Debug|Any CPU.ActiveCfg = Debug|Any CPU
		{086D7E6F-401F-4726-994A-7758B3BA1E53}.Debug|Any CPU.Build.0 = Debug|Any CPU
		{086D7E6F-401F-4726-994A-7758B3BA1E53}.Debug|x64.ActiveCfg = Debug|Any CPU
		{086D7E6F-401F-4726-994A-7758B3BA1E53}.Debug|x64.Build.0 = Debug|Any CPU
		{086D7E6F-401F-4726-994A-7758B3BA1E53}.Debug|x86.ActiveCfg = Debug|Any CPU
		{086D7E6F-401F-4726-994A-7758B3BA1E53}.Debug|x86.Build.0 = Debug|Any CPU
		{086D7E6F-401F-4726-994A-7758B3BA1E53}.Release|Any CPU.ActiveCfg = Release|Any CPU
		{086D7E6F-401F-4726-994A-7758B3BA1E53}.Release|Any CPU.Build.0 = Release|Any CPU
		{086D7E6F-401F-4726-994A-7758B3BA1E53}.Release|x64.ActiveCfg = Release|Any CPU
		{086D7E6F-401F-4726-994A-7758B3BA1E53}.Release|x64.Build.0 = Release|Any CPU
		{086D7E6F-401F-4726-994A-7758B3BA1E53}.Release|x86.ActiveCfg = Release|Any CPU
		{086D7E6F-401F-4726-994A-7758B3BA1E53}.Release|x86.Build.0 = Release|Any CPU
		{A0C62F7F-1808-4F13-9354-A21CF23C1FA9}.Debug|Any CPU.ActiveCfg = Debug|Any CPU
		{A0C62F7F-1808-4F13-9354-A21CF23C1FA9}.Debug|Any CPU.Build.0 = Debug|Any CPU
		{A0C62F7F-1808-4F13-9354-A21CF23C1FA9}.Debug|x64.ActiveCfg = Debug|Any CPU
		{A0C62F7F-1808-4F13-9354-A21CF23C1FA9}.Debug|x64.Build.0 = Debug|Any CPU
		{A0C62F7F-1808-4F13-9354-A21CF23C1FA9}.Debug|x86.ActiveCfg = Debug|Any CPU
		{A0C62F7F-1808-4F13-9354-A21CF23C1FA9}.Debug|x86.Build.0 = Debug|Any CPU
		{A0C62F7F-1808-4F13-9354-A21CF23C1FA9}.Release|Any CPU.ActiveCfg = Release|Any CPU
		{A0C62F7F-1808-4F13-9354-A21CF23C1FA9}.Release|Any CPU.Build.0 = Release|Any CPU
		{A0C62F7F-1808-4F13-9354-A21CF23C1FA9}.Release|x64.ActiveCfg = Release|Any CPU
		{A0C62F7F-1808-4F13-9354-A21CF23C1FA9}.Release|x64.Build.0 = Release|Any CPU
		{A0C62F7F-1808-4F13-9354-A21CF23C1FA9}.Release|x86.ActiveCfg = Release|Any CPU
		{A0C62F7F-1808-4F13-9354-A21CF23C1FA9}.Release|x86.Build.0 = Release|Any CPU
		{5D0750A4-4008-42B9-9CF1-86105BEC9F63}.Debug|Any CPU.ActiveCfg = Debug|Any CPU
		{5D0750A4-4008-42B9-9CF1-86105BEC9F63}.Debug|Any CPU.Build.0 = Debug|Any CPU
		{5D0750A4-4008-42B9-9CF1-86105BEC9F63}.Debug|x64.ActiveCfg = Debug|Any CPU
		{5D0750A4-4008-42B9-9CF1-86105BEC9F63}.Debug|x64.Build.0 = Debug|Any CPU
		{5D0750A4-4008-42B9-9CF1-86105BEC9F63}.Debug|x86.ActiveCfg = Debug|Any CPU
		{5D0750A4-4008-42B9-9CF1-86105BEC9F63}.Debug|x86.Build.0 = Debug|Any CPU
		{5D0750A4-4008-42B9-9CF1-86105BEC9F63}.Release|Any CPU.ActiveCfg = Release|Any CPU
		{5D0750A4-4008-42B9-9CF1-86105BEC9F63}.Release|Any CPU.Build.0 = Release|Any CPU
		{5D0750A4-4008-42B9-9CF1-86105BEC9F63}.Release|x64.ActiveCfg = Release|Any CPU
		{5D0750A4-4008-42B9-9CF1-86105BEC9F63}.Release|x64.Build.0 = Release|Any CPU
		{5D0750A4-4008-42B9-9CF1-86105BEC9F63}.Release|x86.ActiveCfg = Release|Any CPU
		{5D0750A4-4008-42B9-9CF1-86105BEC9F63}.Release|x86.Build.0 = Release|Any CPU
		{B20DC966-70A7-4B72-893A-F703AA35095C}.Debug|Any CPU.ActiveCfg = Debug|Any CPU
		{B20DC966-70A7-4B72-893A-F703AA35095C}.Debug|Any CPU.Build.0 = Debug|Any CPU
		{B20DC966-70A7-4B72-893A-F703AA35095C}.Debug|x64.ActiveCfg = Debug|Any CPU
		{B20DC966-70A7-4B72-893A-F703AA35095C}.Debug|x64.Build.0 = Debug|Any CPU
		{B20DC966-70A7-4B72-893A-F703AA35095C}.Debug|x86.ActiveCfg = Debug|Any CPU
		{B20DC966-70A7-4B72-893A-F703AA35095C}.Debug|x86.Build.0 = Debug|Any CPU
		{B20DC966-70A7-4B72-893A-F703AA35095C}.Release|Any CPU.ActiveCfg = Release|Any CPU
		{B20DC966-70A7-4B72-893A-F703AA35095C}.Release|Any CPU.Build.0 = Release|Any CPU
		{B20DC966-70A7-4B72-893A-F703AA35095C}.Release|x64.ActiveCfg = Release|Any CPU
		{B20DC966-70A7-4B72-893A-F703AA35095C}.Release|x64.Build.0 = Release|Any CPU
		{B20DC966-70A7-4B72-893A-F703AA35095C}.Release|x86.ActiveCfg = Release|Any CPU
		{B20DC966-70A7-4B72-893A-F703AA35095C}.Release|x86.Build.0 = Release|Any CPU
		{C954ABC6-6FE0-4F3F-81DE-08CE0E56EA00}.Debug|Any CPU.ActiveCfg = Debug|Any CPU
		{C954ABC6-6FE0-4F3F-81DE-08CE0E56EA00}.Debug|Any CPU.Build.0 = Debug|Any CPU
		{C954ABC6-6FE0-4F3F-81DE-08CE0E56EA00}.Debug|x64.ActiveCfg = Debug|Any CPU
		{C954ABC6-6FE0-4F3F-81DE-08CE0E56EA00}.Debug|x64.Build.0 = Debug|Any CPU
		{C954ABC6-6FE0-4F3F-81DE-08CE0E56EA00}.Debug|x86.ActiveCfg = Debug|Any CPU
		{C954ABC6-6FE0-4F3F-81DE-08CE0E56EA00}.Debug|x86.Build.0 = Debug|Any CPU
		{C954ABC6-6FE0-4F3F-81DE-08CE0E56EA00}.Release|Any CPU.ActiveCfg = Release|Any CPU
		{C954ABC6-6FE0-4F3F-81DE-08CE0E56EA00}.Release|Any CPU.Build.0 = Release|Any CPU
		{C954ABC6-6FE0-4F3F-81DE-08CE0E56EA00}.Release|x64.ActiveCfg = Release|Any CPU
		{C954ABC6-6FE0-4F3F-81DE-08CE0E56EA00}.Release|x64.Build.0 = Release|Any CPU
		{C954ABC6-6FE0-4F3F-81DE-08CE0E56EA00}.Release|x86.ActiveCfg = Release|Any CPU
		{C954ABC6-6FE0-4F3F-81DE-08CE0E56EA00}.Release|x86.Build.0 = Release|Any CPU
		{C6DDB177-8752-479B-B4F9-9F0A159BBFC7}.Debug|Any CPU.ActiveCfg = Debug|Any CPU
		{C6DDB177-8752-479B-B4F9-9F0A159BBFC7}.Debug|Any CPU.Build.0 = Debug|Any CPU
		{C6DDB177-8752-479B-B4F9-9F0A159BBFC7}.Debug|x64.ActiveCfg = Debug|Any CPU
		{C6DDB177-8752-479B-B4F9-9F0A159BBFC7}.Debug|x64.Build.0 = Debug|Any CPU
		{C6DDB177-8752-479B-B4F9-9F0A159BBFC7}.Debug|x86.ActiveCfg = Debug|Any CPU
		{C6DDB177-8752-479B-B4F9-9F0A159BBFC7}.Debug|x86.Build.0 = Debug|Any CPU
		{C6DDB177-8752-479B-B4F9-9F0A159BBFC7}.Release|Any CPU.ActiveCfg = Release|Any CPU
		{C6DDB177-8752-479B-B4F9-9F0A159BBFC7}.Release|Any CPU.Build.0 = Release|Any CPU
		{C6DDB177-8752-479B-B4F9-9F0A159BBFC7}.Release|x64.ActiveCfg = Release|Any CPU
		{C6DDB177-8752-479B-B4F9-9F0A159BBFC7}.Release|x64.Build.0 = Release|Any CPU
		{C6DDB177-8752-479B-B4F9-9F0A159BBFC7}.Release|x86.ActiveCfg = Release|Any CPU
		{C6DDB177-8752-479B-B4F9-9F0A159BBFC7}.Release|x86.Build.0 = Release|Any CPU
		{E2C12D49-E9CA-4FBB-A199-F5E3217BF14B}.Debug|Any CPU.ActiveCfg = Debug|Any CPU
		{E2C12D49-E9CA-4FBB-A199-F5E3217BF14B}.Debug|Any CPU.Build.0 = Debug|Any CPU
		{E2C12D49-E9CA-4FBB-A199-F5E3217BF14B}.Debug|x64.ActiveCfg = Debug|Any CPU
		{E2C12D49-E9CA-4FBB-A199-F5E3217BF14B}.Debug|x64.Build.0 = Debug|Any CPU
		{E2C12D49-E9CA-4FBB-A199-F5E3217BF14B}.Debug|x86.ActiveCfg = Debug|Any CPU
		{E2C12D49-E9CA-4FBB-A199-F5E3217BF14B}.Debug|x86.Build.0 = Debug|Any CPU
		{E2C12D49-E9CA-4FBB-A199-F5E3217BF14B}.Release|Any CPU.ActiveCfg = Release|Any CPU
		{E2C12D49-E9CA-4FBB-A199-F5E3217BF14B}.Release|Any CPU.Build.0 = Release|Any CPU
		{E2C12D49-E9CA-4FBB-A199-F5E3217BF14B}.Release|x64.ActiveCfg = Release|Any CPU
		{E2C12D49-E9CA-4FBB-A199-F5E3217BF14B}.Release|x64.Build.0 = Release|Any CPU
		{E2C12D49-E9CA-4FBB-A199-F5E3217BF14B}.Release|x86.ActiveCfg = Release|Any CPU
		{E2C12D49-E9CA-4FBB-A199-F5E3217BF14B}.Release|x86.Build.0 = Release|Any CPU
	EndGlobalSection
	GlobalSection(NestedProjects) = preSolution
		{93E01FD9-C279-4430-BB0A-7BE6070425E3} = {89965E82-C5F7-42B1-B2FD-B4F1EE987C72}
		{295CB0B3-1854-4DCD-86A9-D26B50D6D3D3} = {93E01FD9-C279-4430-BB0A-7BE6070425E3}
		{4ECC2D13-947B-4CB4-98C4-12E3B4CA7E06} = {93E01FD9-C279-4430-BB0A-7BE6070425E3}
		{6E8F8DC6-C986-4DEE-921C-C3E299DFBD81} = {93E01FD9-C279-4430-BB0A-7BE6070425E3}
		{8114039D-CC8E-4232-BD5D-172ABFE214FC} = {93E01FD9-C279-4430-BB0A-7BE6070425E3}
		{F5576B9E-21B2-4A22-AFB2-19CDF49FC70B} = {93E01FD9-C279-4430-BB0A-7BE6070425E3}
		{DD95EC8D-8BEF-42FB-AF5E-4E5507A50BC7} = {93E01FD9-C279-4430-BB0A-7BE6070425E3}
		{086D7E6F-401F-4726-994A-7758B3BA1E53} = {93E01FD9-C279-4430-BB0A-7BE6070425E3}
		{A0C62F7F-1808-4F13-9354-A21CF23C1FA9} = {93E01FD9-C279-4430-BB0A-7BE6070425E3}
		{5D0750A4-4008-42B9-9CF1-86105BEC9F63} = {93E01FD9-C279-4430-BB0A-7BE6070425E3}
		{B20DC966-70A7-4B72-893A-F703AA35095C} = {93E01FD9-C279-4430-BB0A-7BE6070425E3}
		{F49BFA8A-890F-4EE8-9645-B257A291738E} = {89965E82-C5F7-42B1-B2FD-B4F1EE987C72}
		{C954ABC6-6FE0-4F3F-81DE-08CE0E56EA00} = {F49BFA8A-890F-4EE8-9645-B257A291738E}
		{C6DDB177-8752-479B-B4F9-9F0A159BBFC7} = {F49BFA8A-890F-4EE8-9645-B257A291738E}
		{E2C12D49-E9CA-4FBB-A199-F5E3217BF14B} = {F49BFA8A-890F-4EE8-9645-B257A291738E}
	EndGlobalSection
EndGlobal
